// !$*UTF8*$!
{
	archiveVersion = 1;
	classes = {
	};
	objectVersion = 46;
	objects = {

/* Begin PBXBuildFile section */
		140EB6921BEF87C600E61A81 /* main.m in Sources */ = {isa = PBXBuildFile; fileRef = 140EB6911BEF87C600E61A81 /* main.m */; };
		140EB69B1BEF87C600E61A81 /* Main.storyboard in Resources */ = {isa = PBXBuildFile; fileRef = 140EB6991BEF87C600E61A81 /* Main.storyboard */; };
		140EB69D1BEF87C600E61A81 /* Assets.xcassets in Resources */ = {isa = PBXBuildFile; fileRef = 140EB69C1BEF87C600E61A81 /* Assets.xcassets */; };
		140EB6A01BEF87C600E61A81 /* LaunchScreen.storyboard in Resources */ = {isa = PBXBuildFile; fileRef = 140EB69E1BEF87C600E61A81 /* LaunchScreen.storyboard */; };
		140EB6C91BEF997B00E61A81 /* AppDelegate.m in Sources */ = {isa = PBXBuildFile; fileRef = 140EB6C61BEF997B00E61A81 /* AppDelegate.m */; };
		140EB6CA1BEF997B00E61A81 /* ViewController.m in Sources */ = {isa = PBXBuildFile; fileRef = 140EB6C81BEF997B00E61A81 /* ViewController.m */; };
		140EB6D11BEF9AB200E61A81 /* EVATabBarController.m in Sources */ = {isa = PBXBuildFile; fileRef = 140EB6D01BEF9AB200E61A81 /* EVATabBarController.m */; };
		140EB6D41BEF9AC900E61A81 /* EVATabBar.m in Sources */ = {isa = PBXBuildFile; fileRef = 140EB6D31BEF9AC900E61A81 /* EVATabBar.m */; };
		143A303F1BF336B500DEC134 /* EVAHelp.m in Sources */ = {isa = PBXBuildFile; fileRef = 143A303E1BF336B500DEC134 /* EVAHelp.m */; };
		143A30421BF337FB00DEC134 /* HelpViewController.m in Sources */ = {isa = PBXBuildFile; fileRef = 143A30411BF337FB00DEC134 /* HelpViewController.m */; };
		143A30451BF3469700DEC134 /* HtmlViewController.m in Sources */ = {isa = PBXBuildFile; fileRef = 143A30441BF3469700DEC134 /* HtmlViewController.m */; };
		143A30641BF3474900DEC134 /* bjdc_howto.html in Resources */ = {isa = PBXBuildFile; fileRef = 143A30471BF3474900DEC134 /* bjdc_howto.html */; };
		143A30651BF3474900DEC134 /* coupon_help.html in Resources */ = {isa = PBXBuildFile; fileRef = 143A30481BF3474900DEC134 /* coupon_help.html */; };
		143A30661BF3474900DEC134 /* credit_help.html in Resources */ = {isa = PBXBuildFile; fileRef = 143A30491BF3474900DEC134 /* credit_help.html */; };
		143A30671BF3474900DEC134 /* dlt_howto.html in Resources */ = {isa = PBXBuildFile; fileRef = 143A304A1BF3474900DEC134 /* dlt_howto.html */; };
		143A30681BF3474900DEC134 /* f9_howto.html in Resources */ = {isa = PBXBuildFile; fileRef = 143A304B1BF3474900DEC134 /* f9_howto.html */; };
		143A30691BF3474900DEC134 /* gdy11_howto.html in Resources */ = {isa = PBXBuildFile; fileRef = 143A304C1BF3474900DEC134 /* gdy11_howto.html */; };
		143A306A1BF3474900DEC134 /* group_record.html in Resources */ = {isa = PBXBuildFile; fileRef = 143A304D1BF3474900DEC134 /* group_record.html */; };
		143A306B1BF3474900DEC134 /* help.html in Resources */ = {isa = PBXBuildFile; fileRef = 143A304E1BF3474900DEC134 /* help.html */; };
		143A306C1BF3474900DEC134 /* helpGroupBuy.html in Resources */ = {isa = PBXBuildFile; fileRef = 143A304F1BF3474900DEC134 /* helpGroupBuy.html */; };
		143A306D1BF3474900DEC134 /* jclq_howto.html in Resources */ = {isa = PBXBuildFile; fileRef = 143A30501BF3474900DEC134 /* jclq_howto.html */; };
		143A306E1BF3474900DEC134 /* jczq_howto.html in Resources */ = {isa = PBXBuildFile; fileRef = 143A30511BF3474900DEC134 /* jczq_howto.html */; };
		143A306F1BF3474900DEC134 /* jxssc_howto.html in Resources */ = {isa = PBXBuildFile; fileRef = 143A30521BF3474900DEC134 /* jxssc_howto.html */; };
		143A30701BF3474900DEC134 /* jxy11_howto.html in Resources */ = {isa = PBXBuildFile; fileRef = 143A30531BF3474900DEC134 /* jxy11_howto.html */; };
		143A30711BF3474900DEC134 /* k2_howto.html in Resources */ = {isa = PBXBuildFile; fileRef = 143A30541BF3474900DEC134 /* k2_howto.html */; };
		143A30721BF3474900DEC134 /* k3_howto.html in Resources */ = {isa = PBXBuildFile; fileRef = 143A30551BF3474900DEC134 /* k3_howto.html */; };
		143A30731BF3474900DEC134 /* kl8_howto.html in Resources */ = {isa = PBXBuildFile; fileRef = 143A30561BF3474900DEC134 /* kl8_howto.html */; };
		143A30741BF3474900DEC134 /* lk11_howto.html in Resources */ = {isa = PBXBuildFile; fileRef = 143A30571BF3474900DEC134 /* lk11_howto.html */; };
		143A30751BF3474900DEC134 /* networkconnectedfailed.html in Resources */ = {isa = PBXBuildFile; fileRef = 143A30581BF3474900DEC134 /* networkconnectedfailed.html */; };
		143A30761BF3474900DEC134 /* pl3_howto.html in Resources */ = {isa = PBXBuildFile; fileRef = 143A30591BF3474900DEC134 /* pl3_howto.html */; };
		143A30771BF3474900DEC134 /* pl5_howto.html in Resources */ = {isa = PBXBuildFile; fileRef = 143A305A1BF3474900DEC134 /* pl5_howto.html */; };
		143A30781BF3474900DEC134 /* qlc_howto.html in Resources */ = {isa = PBXBuildFile; fileRef = 143A305B1BF3474900DEC134 /* qlc_howto.html */; };
		143A30791BF3474900DEC134 /* qxc_howto.html in Resources */ = {isa = PBXBuildFile; fileRef = 143A305C1BF3474900DEC134 /* qxc_howto.html */; };
		143A307A1BF3474900DEC134 /* rule.css in Resources */ = {isa = PBXBuildFile; fileRef = 143A305D1BF3474900DEC134 /* rule.css */; };
		143A307B1BF3474900DEC134 /* sfc_howto.html in Resources */ = {isa = PBXBuildFile; fileRef = 143A305E1BF3474900DEC134 /* sfc_howto.html */; };
		143A307C1BF3474900DEC134 /* ssc_howto.html in Resources */ = {isa = PBXBuildFile; fileRef = 143A305F1BF3474900DEC134 /* ssc_howto.html */; };
		143A307D1BF3474900DEC134 /* ssq_howto.html in Resources */ = {isa = PBXBuildFile; fileRef = 143A30601BF3474900DEC134 /* ssq_howto.html */; };
		143A307E1BF3474900DEC134 /* x3d_howto.html in Resources */ = {isa = PBXBuildFile; fileRef = 143A30611BF3474900DEC134 /* x3d_howto.html */; };
		143A307F1BF3474900DEC134 /* y11_howto.html in Resources */ = {isa = PBXBuildFile; fileRef = 143A30621BF3474900DEC134 /* y11_howto.html */; };
		143A30801BF3474900DEC134 /* znzh.html in Resources */ = {isa = PBXBuildFile; fileRef = 143A30631BF3474900DEC134 /* znzh.html */; };
		143A30841BF35D3B00DEC134 /* ShareViewController.m in Sources */ = {isa = PBXBuildFile; fileRef = 143A30831BF35D3B00DEC134 /* ShareViewController.m */; };
		143A30881BF363B300DEC134 /* AboutViewController.m in Sources */ = {isa = PBXBuildFile; fileRef = 143A30871BF363B300DEC134 /* AboutViewController.m */; };
		143A308C1BF3644C00DEC134 /* AboutHeaderView.m in Sources */ = {isa = PBXBuildFile; fileRef = 143A308B1BF3644C00DEC134 /* AboutHeaderView.m */; };
		143A308E1BF3645E00DEC134 /* AboutHeaderView.xib in Resources */ = {isa = PBXBuildFile; fileRef = 143A308D1BF3645E00DEC134 /* AboutHeaderView.xib */; };
		14822AB61BF2E15200EEEDF8 /* MBProgressHUD+MJ.m in Sources */ = {isa = PBXBuildFile; fileRef = 14822AB21BF2E15200EEEDF8 /* MBProgressHUD+MJ.m */; };
		14822AB71BF2E15200EEEDF8 /* MBProgressHUD.bundle in Resources */ = {isa = PBXBuildFile; fileRef = 14822AB31BF2E15200EEEDF8 /* MBProgressHUD.bundle */; };
		14822AB81BF2E15200EEEDF8 /* MBProgressHUD.m in Sources */ = {isa = PBXBuildFile; fileRef = 14822AB51BF2E15200EEEDF8 /* MBProgressHUD.m */; };
		14822ABC1BF2E27F00EEEDF8 /* ProductViewController.m in Sources */ = {isa = PBXBuildFile; fileRef = 14822ABB1BF2E27F00EEEDF8 /* ProductViewController.m */; };
		14822AC01BF2E2D500EEEDF8 /* EVAProduct.m in Sources */ = {isa = PBXBuildFile; fileRef = 14822ABF1BF2E2D500EEEDF8 /* EVAProduct.m */; };
		14822AC51BF2E34B00EEEDF8 /* EVAProductCell.m in Sources */ = {isa = PBXBuildFile; fileRef = 14822AC31BF2E34B00EEEDF8 /* EVAProductCell.m */; };
		14822AC61BF2E34B00EEEDF8 /* EVAProductCell.xib in Resources */ = {isa = PBXBuildFile; fileRef = 14822AC41BF2E34B00EEEDF8 /* EVAProductCell.xib */; };
		14822ACB1BF2E5A100EEEDF8 /* cywt.json in Resources */ = {isa = PBXBuildFile; fileRef = 14822AC81BF2E5A100EEEDF8 /* cywt.json */; };
		14822ACC1BF2E5A100EEEDF8 /* help.json in Resources */ = {isa = PBXBuildFile; fileRef = 14822AC91BF2E5A100EEEDF8 /* help.json */; };
		14822ACD1BF2E5A100EEEDF8 /* products.json in Resources */ = {isa = PBXBuildFile; fileRef = 14822ACA1BF2E5A100EEEDF8 /* products.json */; };
		14822AD01BF2EE0600EEEDF8 /* BaseViewController.m in Sources */ = {isa = PBXBuildFile; fileRef = 14822ACF1BF2EE0600EEEDF8 /* BaseViewController.m */; };
		14822AD41BF2F28600EEEDF8 /* PushNoticeController.m in Sources */ = {isa = PBXBuildFile; fileRef = 14822AD31BF2F28600EEEDF8 /* PushNoticeController.m */; };
		14822AD71BF314BB00EEEDF8 /* ScoreNoticeViewController.m in Sources */ = {isa = PBXBuildFile; fileRef = 14822AD61BF314BB00EEEDF8 /* ScoreNoticeViewController.m */; };
		14822ADA1BF315E900EEEDF8 /* LabelItem.m in Sources */ = {isa = PBXBuildFile; fileRef = 14822AD91BF315E900EEEDF8 /* LabelItem.m */; };
		14822ADD1BF3162E00EEEDF8 /* SaveTool.m in Sources */ = {isa = PBXBuildFile; fileRef = 14822ADC1BF3162E00EEEDF8 /* SaveTool.m */; };
		14EA8BA11BF076D700DD72F8 /* EVATabBarButton.m in Sources */ = {isa = PBXBuildFile; fileRef = 14EA8BA01BF076D700DD72F8 /* EVATabBarButton.m */; };
		14EA8BA71BF0930C00DD72F8 /* EVANavigationController.m in Sources */ = {isa = PBXBuildFile; fileRef = 14EA8BA61BF0930C00DD72F8 /* EVANavigationController.m */; };
		14EA8BCC1BF0E92200DD72F8 /* EVASettingViewController.m in Sources */ = {isa = PBXBuildFile; fileRef = 14EA8BCB1BF0E92200DD72F8 /* EVASettingViewController.m */; };
		14EA8BCF1BF0EFFA00DD72F8 /* EVASettingItem.m in Sources */ = {isa = PBXBuildFile; fileRef = 14EA8BCE1BF0EFFA00DD72F8 /* EVASettingItem.m */; };
		14EA8BD21BF0F5BA00DD72F8 /* EVAGroup.m in Sources */ = {isa = PBXBuildFile; fileRef = 14EA8BD11BF0F5BA00DD72F8 /* EVAGroup.m */; };
		14EA8BD51BF0FA0800DD72F8 /* EVASettingTableViewCell.m in Sources */ = {isa = PBXBuildFile; fileRef = 14EA8BD41BF0FA0800DD72F8 /* EVASettingTableViewCell.m */; };
		14EA8BD81BF0FE5400DD72F8 /* ArrowItem.m in Sources */ = {isa = PBXBuildFile; fileRef = 14EA8BD71BF0FE5400DD72F8 /* ArrowItem.m */; };
		14EA8BDB1BF0FEC500DD72F8 /* SwitchItem.m in Sources */ = {isa = PBXBuildFile; fileRef = 14EA8BDA1BF0FEC500DD72F8 /* SwitchItem.m */; };
		14EEA9B71BF420ED001F8097 /* UMSocialLocalizable.strings in Resources */ = {isa = PBXBuildFile; fileRef = 14EEA99C1BF420ED001F8097 /* UMSocialLocalizable.strings */; };
		14EEA9B81BF420ED001F8097 /* libUMSocial_Sdk_4.3.a in Frameworks */ = {isa = PBXBuildFile; fileRef = 14EEA9AA1BF420ED001F8097 /* libUMSocial_Sdk_4.3.a */; };
		14EEA9B91BF420ED001F8097 /* libUMSocial_Sdk_Comment_4.3.a in Frameworks */ = {isa = PBXBuildFile; fileRef = 14EEA9AB1BF420ED001F8097 /* libUMSocial_Sdk_Comment_4.3.a */; };
		14EEA9BA1BF420ED001F8097 /* UMSCommentDetailController.xib in Resources */ = {isa = PBXBuildFile; fileRef = 14EEA9AD1BF420ED001F8097 /* UMSCommentDetailController.xib */; };
		14EEA9BB1BF420ED001F8097 /* UMSCommentInputController.xib in Resources */ = {isa = PBXBuildFile; fileRef = 14EEA9AE1BF420ED001F8097 /* UMSCommentInputController.xib */; };
		14EEA9BC1BF420ED001F8097 /* UMSCommentInputControlleriPad.xib in Resources */ = {isa = PBXBuildFile; fileRef = 14EEA9AF1BF420ED001F8097 /* UMSCommentInputControlleriPad.xib */; };
		14EEA9BD1BF420ED001F8097 /* UMShareEditViewController.xib in Resources */ = {isa = PBXBuildFile; fileRef = 14EEA9B01BF420ED001F8097 /* UMShareEditViewController.xib */; };
		14EEA9BE1BF420ED001F8097 /* UMShareEditViewControlleriPad.xib in Resources */ = {isa = PBXBuildFile; fileRef = 14EEA9B11BF420ED001F8097 /* UMShareEditViewControlleriPad.xib */; };
		14EEA9BF1BF420ED001F8097 /* UMSLoginViewController.xib in Resources */ = {isa = PBXBuildFile; fileRef = 14EEA9B21BF420ED001F8097 /* UMSLoginViewController.xib */; };
		14EEA9C01BF420ED001F8097 /* UMSnsAccountViewController.xib in Resources */ = {isa = PBXBuildFile; fileRef = 14EEA9B31BF420ED001F8097 /* UMSnsAccountViewController.xib */; };
		14EEA9C11BF420ED001F8097 /* UMSShareListController.xib in Resources */ = {isa = PBXBuildFile; fileRef = 14EEA9B41BF420ED001F8097 /* UMSShareListController.xib */; };
		14EEA9C21BF420ED001F8097 /* UMSocialSDKResourcesNew.bundle in Resources */ = {isa = PBXBuildFile; fileRef = 14EEA9B51BF420ED001F8097 /* UMSocialSDKResourcesNew.bundle */; };
		14EEA9C41BF4216D001F8097 /* libz.tbd in Frameworks */ = {isa = PBXBuildFile; fileRef = 14EEA9C31BF4216D001F8097 /* libz.tbd */; };
		14EEA9C61BF42209001F8097 /* SystemConfiguration.framework in Frameworks */ = {isa = PBXBuildFile; fileRef = 14EEA9C51BF42209001F8097 /* SystemConfiguration.framework */; };
		14EEA9E21BF4280C001F8097 /* EVATitleButton.m in Sources */ = {isa = PBXBuildFile; fileRef = 14EEA9CD1BF4280C001F8097 /* EVATitleButton.m */; };
		14EEA9E31BF4280C001F8097 /* HallViewController.m in Sources */ = {isa = PBXBuildFile; fileRef = 14EEA9D11BF4280C001F8097 /* HallViewController.m */; };
		14EEA9E41BF4280C001F8097 /* EVALoginViewController.m in Sources */ = {isa = PBXBuildFile; fileRef = 14EEA9DF1BF4280C001F8097 /* EVALoginViewController.m */; };
/* End PBXBuildFile section */

/* Begin PBXFileReference section */
		140EB68D1BEF87C600E61A81 /* Lottery.app */ = {isa = PBXFileReference; explicitFileType = wrapper.application; includeInIndex = 0; path = Lottery.app; sourceTree = BUILT_PRODUCTS_DIR; };
		140EB6911BEF87C600E61A81 /* main.m */ = {isa = PBXFileReference; lastKnownFileType = sourcecode.c.objc; path = main.m; sourceTree = "<group>"; };
		140EB69A1BEF87C600E61A81 /* Base */ = {isa = PBXFileReference; lastKnownFileType = file.storyboard; name = Base; path = Base.lproj/Main.storyboard; sourceTree = "<group>"; };
		140EB69C1BEF87C600E61A81 /* Assets.xcassets */ = {isa = PBXFileReference; lastKnownFileType = folder.assetcatalog; path = Assets.xcassets; sourceTree = "<group>"; };
		140EB69F1BEF87C600E61A81 /* Base */ = {isa = PBXFileReference; lastKnownFileType = file.storyboard; name = Base; path = Base.lproj/LaunchScreen.storyboard; sourceTree = "<group>"; };
		140EB6A11BEF87C600E61A81 /* Info.plist */ = {isa = PBXFileReference; lastKnownFileType = text.plist.xml; path = Info.plist; sourceTree = "<group>"; };
		140EB6C51BEF997B00E61A81 /* AppDelegate.h */ = {isa = PBXFileReference; fileEncoding = 4; lastKnownFileType = sourcecode.c.h; path = AppDelegate.h; sourceTree = "<group>"; };
		140EB6C61BEF997B00E61A81 /* AppDelegate.m */ = {isa = PBXFileReference; fileEncoding = 4; lastKnownFileType = sourcecode.c.objc; path = AppDelegate.m; sourceTree = "<group>"; };
		140EB6C71BEF997B00E61A81 /* ViewController.h */ = {isa = PBXFileReference; fileEncoding = 4; lastKnownFileType = sourcecode.c.h; path = ViewController.h; sourceTree = "<group>"; };
		140EB6C81BEF997B00E61A81 /* ViewController.m */ = {isa = PBXFileReference; fileEncoding = 4; lastKnownFileType = sourcecode.c.objc; path = ViewController.m; sourceTree = "<group>"; };
		140EB6CF1BEF9AB200E61A81 /* EVATabBarController.h */ = {isa = PBXFileReference; fileEncoding = 4; lastKnownFileType = sourcecode.c.h; path = EVATabBarController.h; sourceTree = "<group>"; };
		140EB6D01BEF9AB200E61A81 /* EVATabBarController.m */ = {isa = PBXFileReference; fileEncoding = 4; lastKnownFileType = sourcecode.c.objc; path = EVATabBarController.m; sourceTree = "<group>"; };
		140EB6D21BEF9AC900E61A81 /* EVATabBar.h */ = {isa = PBXFileReference; fileEncoding = 4; lastKnownFileType = sourcecode.c.h; path = EVATabBar.h; sourceTree = "<group>"; };
		140EB6D31BEF9AC900E61A81 /* EVATabBar.m */ = {isa = PBXFileReference; fileEncoding = 4; lastKnownFileType = sourcecode.c.objc; path = EVATabBar.m; sourceTree = "<group>"; };
		143A303D1BF336B500DEC134 /* EVAHelp.h */ = {isa = PBXFileReference; fileEncoding = 4; lastKnownFileType = sourcecode.c.h; path = EVAHelp.h; sourceTree = "<group>"; };
		143A303E1BF336B500DEC134 /* EVAHelp.m */ = {isa = PBXFileReference; fileEncoding = 4; lastKnownFileType = sourcecode.c.objc; path = EVAHelp.m; sourceTree = "<group>"; };
		143A30401BF337FB00DEC134 /* HelpViewController.h */ = {isa = PBXFileReference; fileEncoding = 4; lastKnownFileType = sourcecode.c.h; path = HelpViewController.h; sourceTree = "<group>"; };
		143A30411BF337FB00DEC134 /* HelpViewController.m */ = {isa = PBXFileReference; fileEncoding = 4; lastKnownFileType = sourcecode.c.objc; path = HelpViewController.m; sourceTree = "<group>"; };
		143A30431BF3469700DEC134 /* HtmlViewController.h */ = {isa = PBXFileReference; fileEncoding = 4; lastKnownFileType = sourcecode.c.h; path = HtmlViewController.h; sourceTree = "<group>"; };
		143A30441BF3469700DEC134 /* HtmlViewController.m */ = {isa = PBXFileReference; fileEncoding = 4; lastKnownFileType = sourcecode.c.objc; path = HtmlViewController.m; sourceTree = "<group>"; };
		143A30471BF3474900DEC134 /* bjdc_howto.html */ = {isa = PBXFileReference; fileEncoding = 4; lastKnownFileType = text.html; path = bjdc_howto.html; sourceTree = "<group>"; };
		143A30481BF3474900DEC134 /* coupon_help.html */ = {isa = PBXFileReference; fileEncoding = 4; lastKnownFileType = text.html; path = coupon_help.html; sourceTree = "<group>"; };
		143A30491BF3474900DEC134 /* credit_help.html */ = {isa = PBXFileReference; fileEncoding = 4; lastKnownFileType = text.html; path = credit_help.html; sourceTree = "<group>"; };
		143A304A1BF3474900DEC134 /* dlt_howto.html */ = {isa = PBXFileReference; fileEncoding = 4; lastKnownFileType = text.html; path = dlt_howto.html; sourceTree = "<group>"; };
		143A304B1BF3474900DEC134 /* f9_howto.html */ = {isa = PBXFileReference; fileEncoding = 4; lastKnownFileType = text.html; path = f9_howto.html; sourceTree = "<group>"; };
		143A304C1BF3474900DEC134 /* gdy11_howto.html */ = {isa = PBXFileReference; fileEncoding = 4; lastKnownFileType = text.html; path = gdy11_howto.html; sourceTree = "<group>"; };
		143A304D1BF3474900DEC134 /* group_record.html */ = {isa = PBXFileReference; fileEncoding = 4; lastKnownFileType = text.html; path = group_record.html; sourceTree = "<group>"; };
		143A304E1BF3474900DEC134 /* help.html */ = {isa = PBXFileReference; fileEncoding = 4; lastKnownFileType = text.html; path = help.html; sourceTree = "<group>"; };
		143A304F1BF3474900DEC134 /* helpGroupBuy.html */ = {isa = PBXFileReference; fileEncoding = 4; lastKnownFileType = text.html; path = helpGroupBuy.html; sourceTree = "<group>"; };
		143A30501BF3474900DEC134 /* jclq_howto.html */ = {isa = PBXFileReference; fileEncoding = 4; lastKnownFileType = text.html; path = jclq_howto.html; sourceTree = "<group>"; };
		143A30511BF3474900DEC134 /* jczq_howto.html */ = {isa = PBXFileReference; fileEncoding = 4; lastKnownFileType = text.html; path = jczq_howto.html; sourceTree = "<group>"; };
		143A30521BF3474900DEC134 /* jxssc_howto.html */ = {isa = PBXFileReference; fileEncoding = 4; lastKnownFileType = text.html; path = jxssc_howto.html; sourceTree = "<group>"; };
		143A30531BF3474900DEC134 /* jxy11_howto.html */ = {isa = PBXFileReference; fileEncoding = 4; lastKnownFileType = text.html; path = jxy11_howto.html; sourceTree = "<group>"; };
		143A30541BF3474900DEC134 /* k2_howto.html */ = {isa = PBXFileReference; fileEncoding = 4; lastKnownFileType = text.html; path = k2_howto.html; sourceTree = "<group>"; };
		143A30551BF3474900DEC134 /* k3_howto.html */ = {isa = PBXFileReference; fileEncoding = 4; lastKnownFileType = text.html; path = k3_howto.html; sourceTree = "<group>"; };
		143A30561BF3474900DEC134 /* kl8_howto.html */ = {isa = PBXFileReference; fileEncoding = 4; lastKnownFileType = text.html; path = kl8_howto.html; sourceTree = "<group>"; };
		143A30571BF3474900DEC134 /* lk11_howto.html */ = {isa = PBXFileReference; fileEncoding = 4; lastKnownFileType = text.html; path = lk11_howto.html; sourceTree = "<group>"; };
		143A30581BF3474900DEC134 /* networkconnectedfailed.html */ = {isa = PBXFileReference; fileEncoding = 4; lastKnownFileType = text.html; path = networkconnectedfailed.html; sourceTree = "<group>"; };
		143A30591BF3474900DEC134 /* pl3_howto.html */ = {isa = PBXFileReference; fileEncoding = 4; lastKnownFileType = text.html; path = pl3_howto.html; sourceTree = "<group>"; };
		143A305A1BF3474900DEC134 /* pl5_howto.html */ = {isa = PBXFileReference; fileEncoding = 4; lastKnownFileType = text.html; path = pl5_howto.html; sourceTree = "<group>"; };
		143A305B1BF3474900DEC134 /* qlc_howto.html */ = {isa = PBXFileReference; fileEncoding = 4; lastKnownFileType = text.html; path = qlc_howto.html; sourceTree = "<group>"; };
		143A305C1BF3474900DEC134 /* qxc_howto.html */ = {isa = PBXFileReference; fileEncoding = 4; lastKnownFileType = text.html; path = qxc_howto.html; sourceTree = "<group>"; };
		143A305D1BF3474900DEC134 /* rule.css */ = {isa = PBXFileReference; fileEncoding = 4; lastKnownFileType = text.css; path = rule.css; sourceTree = "<group>"; };
		143A305E1BF3474900DEC134 /* sfc_howto.html */ = {isa = PBXFileReference; fileEncoding = 4; lastKnownFileType = text.html; path = sfc_howto.html; sourceTree = "<group>"; };
		143A305F1BF3474900DEC134 /* ssc_howto.html */ = {isa = PBXFileReference; fileEncoding = 4; lastKnownFileType = text.html; path = ssc_howto.html; sourceTree = "<group>"; };
		143A30601BF3474900DEC134 /* ssq_howto.html */ = {isa = PBXFileReference; fileEncoding = 4; lastKnownFileType = text.html; path = ssq_howto.html; sourceTree = "<group>"; };
		143A30611BF3474900DEC134 /* x3d_howto.html */ = {isa = PBXFileReference; fileEncoding = 4; lastKnownFileType = text.html; path = x3d_howto.html; sourceTree = "<group>"; };
		143A30621BF3474900DEC134 /* y11_howto.html */ = {isa = PBXFileReference; fileEncoding = 4; lastKnownFileType = text.html; path = y11_howto.html; sourceTree = "<group>"; };
		143A30631BF3474900DEC134 /* znzh.html */ = {isa = PBXFileReference; fileEncoding = 4; lastKnownFileType = text.html; path = znzh.html; sourceTree = "<group>"; };
		143A30821BF35D3B00DEC134 /* ShareViewController.h */ = {isa = PBXFileReference; fileEncoding = 4; lastKnownFileType = sourcecode.c.h; path = ShareViewController.h; sourceTree = "<group>"; };
		143A30831BF35D3B00DEC134 /* ShareViewController.m */ = {isa = PBXFileReference; fileEncoding = 4; lastKnownFileType = sourcecode.c.objc; path = ShareViewController.m; sourceTree = "<group>"; };
		143A30861BF363B300DEC134 /* AboutViewController.h */ = {isa = PBXFileReference; fileEncoding = 4; lastKnownFileType = sourcecode.c.h; path = AboutViewController.h; sourceTree = "<group>"; };
		143A30871BF363B300DEC134 /* AboutViewController.m */ = {isa = PBXFileReference; fileEncoding = 4; lastKnownFileType = sourcecode.c.objc; path = AboutViewController.m; sourceTree = "<group>"; };
		143A308A1BF3644C00DEC134 /* AboutHeaderView.h */ = {isa = PBXFileReference; fileEncoding = 4; lastKnownFileType = sourcecode.c.h; path = AboutHeaderView.h; sourceTree = "<group>"; };
		143A308B1BF3644C00DEC134 /* AboutHeaderView.m */ = {isa = PBXFileReference; fileEncoding = 4; lastKnownFileType = sourcecode.c.objc; path = AboutHeaderView.m; sourceTree = "<group>"; };
		143A308D1BF3645E00DEC134 /* AboutHeaderView.xib */ = {isa = PBXFileReference; fileEncoding = 4; lastKnownFileType = file.xib; path = AboutHeaderView.xib; sourceTree = "<group>"; };
		14822AB11BF2E15200EEEDF8 /* MBProgressHUD+MJ.h */ = {isa = PBXFileReference; fileEncoding = 4; lastKnownFileType = sourcecode.c.h; path = "MBProgressHUD+MJ.h"; sourceTree = "<group>"; };
		14822AB21BF2E15200EEEDF8 /* MBProgressHUD+MJ.m */ = {isa = PBXFileReference; fileEncoding = 4; lastKnownFileType = sourcecode.c.objc; path = "MBProgressHUD+MJ.m"; sourceTree = "<group>"; };
		14822AB31BF2E15200EEEDF8 /* MBProgressHUD.bundle */ = {isa = PBXFileReference; lastKnownFileType = "wrapper.plug-in"; path = MBProgressHUD.bundle; sourceTree = "<group>"; };
		14822AB41BF2E15200EEEDF8 /* MBProgressHUD.h */ = {isa = PBXFileReference; fileEncoding = 4; lastKnownFileType = sourcecode.c.h; path = MBProgressHUD.h; sourceTree = "<group>"; };
		14822AB51BF2E15200EEEDF8 /* MBProgressHUD.m */ = {isa = PBXFileReference; fileEncoding = 4; lastKnownFileType = sourcecode.c.objc; path = MBProgressHUD.m; sourceTree = "<group>"; };
		14822ABA1BF2E27F00EEEDF8 /* ProductViewController.h */ = {isa = PBXFileReference; fileEncoding = 4; lastKnownFileType = sourcecode.c.h; path = ProductViewController.h; sourceTree = "<group>"; };
		14822ABB1BF2E27F00EEEDF8 /* ProductViewController.m */ = {isa = PBXFileReference; fileEncoding = 4; lastKnownFileType = sourcecode.c.objc; path = ProductViewController.m; sourceTree = "<group>"; };
		14822ABE1BF2E2D500EEEDF8 /* EVAProduct.h */ = {isa = PBXFileReference; fileEncoding = 4; lastKnownFileType = sourcecode.c.h; path = EVAProduct.h; sourceTree = "<group>"; };
		14822ABF1BF2E2D500EEEDF8 /* EVAProduct.m */ = {isa = PBXFileReference; fileEncoding = 4; lastKnownFileType = sourcecode.c.objc; path = EVAProduct.m; sourceTree = "<group>"; };
		14822AC21BF2E34B00EEEDF8 /* EVAProductCell.h */ = {isa = PBXFileReference; fileEncoding = 4; lastKnownFileType = sourcecode.c.h; path = EVAProductCell.h; sourceTree = "<group>"; };
		14822AC31BF2E34B00EEEDF8 /* EVAProductCell.m */ = {isa = PBXFileReference; fileEncoding = 4; lastKnownFileType = sourcecode.c.objc; path = EVAProductCell.m; sourceTree = "<group>"; };
		14822AC41BF2E34B00EEEDF8 /* EVAProductCell.xib */ = {isa = PBXFileReference; fileEncoding = 4; lastKnownFileType = file.xib; path = EVAProductCell.xib; sourceTree = "<group>"; };
		14822AC81BF2E5A100EEEDF8 /* cywt.json */ = {isa = PBXFileReference; fileEncoding = 4; lastKnownFileType = text.json; path = cywt.json; sourceTree = "<group>"; };
		14822AC91BF2E5A100EEEDF8 /* help.json */ = {isa = PBXFileReference; fileEncoding = 4; lastKnownFileType = text.json; path = help.json; sourceTree = "<group>"; };
		14822ACA1BF2E5A100EEEDF8 /* products.json */ = {isa = PBXFileReference; fileEncoding = 4; lastKnownFileType = text.json; path = products.json; sourceTree = "<group>"; };
		14822ACE1BF2EE0600EEEDF8 /* BaseViewController.h */ = {isa = PBXFileReference; fileEncoding = 4; lastKnownFileType = sourcecode.c.h; path = BaseViewController.h; sourceTree = "<group>"; };
		14822ACF1BF2EE0600EEEDF8 /* BaseViewController.m */ = {isa = PBXFileReference; fileEncoding = 4; lastKnownFileType = sourcecode.c.objc; path = BaseViewController.m; sourceTree = "<group>"; };
		14822AD21BF2F28600EEEDF8 /* PushNoticeController.h */ = {isa = PBXFileReference; fileEncoding = 4; lastKnownFileType = sourcecode.c.h; path = PushNoticeController.h; sourceTree = "<group>"; };
		14822AD31BF2F28600EEEDF8 /* PushNoticeController.m */ = {isa = PBXFileReference; fileEncoding = 4; lastKnownFileType = sourcecode.c.objc; path = PushNoticeController.m; sourceTree = "<group>"; };
		14822AD51BF314BB00EEEDF8 /* ScoreNoticeViewController.h */ = {isa = PBXFileReference; fileEncoding = 4; lastKnownFileType = sourcecode.c.h; path = ScoreNoticeViewController.h; sourceTree = "<group>"; };
		14822AD61BF314BB00EEEDF8 /* ScoreNoticeViewController.m */ = {isa = PBXFileReference; fileEncoding = 4; lastKnownFileType = sourcecode.c.objc; path = ScoreNoticeViewController.m; sourceTree = "<group>"; };
		14822AD81BF315E900EEEDF8 /* LabelItem.h */ = {isa = PBXFileReference; fileEncoding = 4; lastKnownFileType = sourcecode.c.h; path = LabelItem.h; sourceTree = "<group>"; };
		14822AD91BF315E900EEEDF8 /* LabelItem.m */ = {isa = PBXFileReference; fileEncoding = 4; lastKnownFileType = sourcecode.c.objc; path = LabelItem.m; sourceTree = "<group>"; };
		14822ADB1BF3162E00EEEDF8 /* SaveTool.h */ = {isa = PBXFileReference; fileEncoding = 4; lastKnownFileType = sourcecode.c.h; path = SaveTool.h; sourceTree = "<group>"; };
		14822ADC1BF3162E00EEEDF8 /* SaveTool.m */ = {isa = PBXFileReference; fileEncoding = 4; lastKnownFileType = sourcecode.c.objc; path = SaveTool.m; sourceTree = "<group>"; };
		14EA8B9F1BF076D700DD72F8 /* EVATabBarButton.h */ = {isa = PBXFileReference; fileEncoding = 4; lastKnownFileType = sourcecode.c.h; path = EVATabBarButton.h; sourceTree = "<group>"; };
		14EA8BA01BF076D700DD72F8 /* EVATabBarButton.m */ = {isa = PBXFileReference; fileEncoding = 4; lastKnownFileType = sourcecode.c.objc; path = EVATabBarButton.m; sourceTree = "<group>"; };
		14EA8BA51BF0930C00DD72F8 /* EVANavigationController.h */ = {isa = PBXFileReference; fileEncoding = 4; lastKnownFileType = sourcecode.c.h; path = EVANavigationController.h; sourceTree = "<group>"; };
		14EA8BA61BF0930C00DD72F8 /* EVANavigationController.m */ = {isa = PBXFileReference; fileEncoding = 4; lastKnownFileType = sourcecode.c.objc; path = EVANavigationController.m; sourceTree = "<group>"; };
		14EA8BCA1BF0E92200DD72F8 /* EVASettingViewController.h */ = {isa = PBXFileReference; fileEncoding = 4; lastKnownFileType = sourcecode.c.h; path = EVASettingViewController.h; sourceTree = "<group>"; };
		14EA8BCB1BF0E92200DD72F8 /* EVASettingViewController.m */ = {isa = PBXFileReference; fileEncoding = 4; lastKnownFileType = sourcecode.c.objc; path = EVASettingViewController.m; sourceTree = "<group>"; };
		14EA8BCD1BF0EFFA00DD72F8 /* EVASettingItem.h */ = {isa = PBXFileReference; fileEncoding = 4; lastKnownFileType = sourcecode.c.h; path = EVASettingItem.h; sourceTree = "<group>"; };
		14EA8BCE1BF0EFFA00DD72F8 /* EVASettingItem.m */ = {isa = PBXFileReference; fileEncoding = 4; lastKnownFileType = sourcecode.c.objc; path = EVASettingItem.m; sourceTree = "<group>"; };
		14EA8BD01BF0F5BA00DD72F8 /* EVAGroup.h */ = {isa = PBXFileReference; fileEncoding = 4; lastKnownFileType = sourcecode.c.h; path = EVAGroup.h; sourceTree = "<group>"; };
		14EA8BD11BF0F5BA00DD72F8 /* EVAGroup.m */ = {isa = PBXFileReference; fileEncoding = 4; lastKnownFileType = sourcecode.c.objc; path = EVAGroup.m; sourceTree = "<group>"; };
		14EA8BD31BF0FA0800DD72F8 /* EVASettingTableViewCell.h */ = {isa = PBXFileReference; fileEncoding = 4; lastKnownFileType = sourcecode.c.h; path = EVASettingTableViewCell.h; sourceTree = "<group>"; };
		14EA8BD41BF0FA0800DD72F8 /* EVASettingTableViewCell.m */ = {isa = PBXFileReference; fileEncoding = 4; lastKnownFileType = sourcecode.c.objc; path = EVASettingTableViewCell.m; sourceTree = "<group>"; };
		14EA8BD61BF0FE5400DD72F8 /* ArrowItem.h */ = {isa = PBXFileReference; fileEncoding = 4; lastKnownFileType = sourcecode.c.h; path = ArrowItem.h; sourceTree = "<group>"; };
		14EA8BD71BF0FE5400DD72F8 /* ArrowItem.m */ = {isa = PBXFileReference; fileEncoding = 4; lastKnownFileType = sourcecode.c.objc; path = ArrowItem.m; sourceTree = "<group>"; };
		14EA8BD91BF0FEC500DD72F8 /* SwitchItem.h */ = {isa = PBXFileReference; fileEncoding = 4; lastKnownFileType = sourcecode.c.h; path = SwitchItem.h; sourceTree = "<group>"; };
		14EA8BDA1BF0FEC500DD72F8 /* SwitchItem.m */ = {isa = PBXFileReference; fileEncoding = 4; lastKnownFileType = sourcecode.c.objc; path = SwitchItem.m; sourceTree = "<group>"; };
		14EEA99D1BF420ED001F8097 /* en */ = {isa = PBXFileReference; lastKnownFileType = text.plist.strings; name = en; path = en.lproj/UMSocialLocalizable.strings; sourceTree = "<group>"; };
		14EEA99F1BF420ED001F8097 /* UMSocial.h */ = {isa = PBXFileReference; fileEncoding = 4; lastKnownFileType = sourcecode.c.h; path = UMSocial.h; sourceTree = "<group>"; };
		14EEA9A01BF420ED001F8097 /* UMSocialAccountManager.h */ = {isa = PBXFileReference; fileEncoding = 4; lastKnownFileType = sourcecode.c.h; path = UMSocialAccountManager.h; sourceTree = "<group>"; };
		14EEA9A11BF420ED001F8097 /* UMSocialBar.h */ = {isa = PBXFileReference; fileEncoding = 4; lastKnownFileType = sourcecode.c.h; path = UMSocialBar.h; sourceTree = "<group>"; };
		14EEA9A21BF420ED001F8097 /* UMSocialConfig.h */ = {isa = PBXFileReference; fileEncoding = 4; lastKnownFileType = sourcecode.c.h; path = UMSocialConfig.h; sourceTree = "<group>"; };
		14EEA9A31BF420ED001F8097 /* UMSocialControllerService.h */ = {isa = PBXFileReference; fileEncoding = 4; lastKnownFileType = sourcecode.c.h; path = UMSocialControllerService.h; sourceTree = "<group>"; };
		14EEA9A41BF420ED001F8097 /* UMSocialControllerServiceComment.h */ = {isa = PBXFileReference; fileEncoding = 4; lastKnownFileType = sourcecode.c.h; path = UMSocialControllerServiceComment.h; sourceTree = "<group>"; };
		14EEA9A51BF420ED001F8097 /* UMSocialData.h */ = {isa = PBXFileReference; fileEncoding = 4; lastKnownFileType = sourcecode.c.h; path = UMSocialData.h; sourceTree = "<group>"; };
		14EEA9A61BF420ED001F8097 /* UMSocialDataService.h */ = {isa = PBXFileReference; fileEncoding = 4; lastKnownFileType = sourcecode.c.h; path = UMSocialDataService.h; sourceTree = "<group>"; };
		14EEA9A71BF420ED001F8097 /* UMSocialSnsData.h */ = {isa = PBXFileReference; fileEncoding = 4; lastKnownFileType = sourcecode.c.h; path = UMSocialSnsData.h; sourceTree = "<group>"; };
		14EEA9A81BF420ED001F8097 /* UMSocialSnsPlatformManager.h */ = {isa = PBXFileReference; fileEncoding = 4; lastKnownFileType = sourcecode.c.h; path = UMSocialSnsPlatformManager.h; sourceTree = "<group>"; };
		14EEA9A91BF420ED001F8097 /* UMSocialSnsService.h */ = {isa = PBXFileReference; fileEncoding = 4; lastKnownFileType = sourcecode.c.h; path = UMSocialSnsService.h; sourceTree = "<group>"; };
		14EEA9AA1BF420ED001F8097 /* libUMSocial_Sdk_4.3.a */ = {isa = PBXFileReference; lastKnownFileType = archive.ar; path = libUMSocial_Sdk_4.3.a; sourceTree = "<group>"; };
		14EEA9AB1BF420ED001F8097 /* libUMSocial_Sdk_Comment_4.3.a */ = {isa = PBXFileReference; lastKnownFileType = archive.ar; path = libUMSocial_Sdk_Comment_4.3.a; sourceTree = "<group>"; };
		14EEA9AD1BF420ED001F8097 /* UMSCommentDetailController.xib */ = {isa = PBXFileReference; fileEncoding = 4; lastKnownFileType = file.xib; path = UMSCommentDetailController.xib; sourceTree = "<group>"; };
		14EEA9AE1BF420ED001F8097 /* UMSCommentInputController.xib */ = {isa = PBXFileReference; fileEncoding = 4; lastKnownFileType = file.xib; path = UMSCommentInputController.xib; sourceTree = "<group>"; };
		14EEA9AF1BF420ED001F8097 /* UMSCommentInputControlleriPad.xib */ = {isa = PBXFileReference; fileEncoding = 4; lastKnownFileType = file.xib; path = UMSCommentInputControlleriPad.xib; sourceTree = "<group>"; };
		14EEA9B01BF420ED001F8097 /* UMShareEditViewController.xib */ = {isa = PBXFileReference; fileEncoding = 4; lastKnownFileType = file.xib; path = UMShareEditViewController.xib; sourceTree = "<group>"; };
		14EEA9B11BF420ED001F8097 /* UMShareEditViewControlleriPad.xib */ = {isa = PBXFileReference; fileEncoding = 4; lastKnownFileType = file.xib; path = UMShareEditViewControlleriPad.xib; sourceTree = "<group>"; };
		14EEA9B21BF420ED001F8097 /* UMSLoginViewController.xib */ = {isa = PBXFileReference; fileEncoding = 4; lastKnownFileType = file.xib; path = UMSLoginViewController.xib; sourceTree = "<group>"; };
		14EEA9B31BF420ED001F8097 /* UMSnsAccountViewController.xib */ = {isa = PBXFileReference; fileEncoding = 4; lastKnownFileType = file.xib; path = UMSnsAccountViewController.xib; sourceTree = "<group>"; };
		14EEA9B41BF420ED001F8097 /* UMSShareListController.xib */ = {isa = PBXFileReference; fileEncoding = 4; lastKnownFileType = file.xib; path = UMSShareListController.xib; sourceTree = "<group>"; };
		14EEA9B51BF420ED001F8097 /* UMSocialSDKResourcesNew.bundle */ = {isa = PBXFileReference; lastKnownFileType = "wrapper.plug-in"; path = UMSocialSDKResourcesNew.bundle; sourceTree = "<group>"; };
		14EEA9B61BF420ED001F8097 /* zh-Hans */ = {isa = PBXFileReference; lastKnownFileType = text.plist.strings; name = "zh-Hans"; path = "zh-Hans.lproj/UMSocialLocalizable.strings"; sourceTree = "<group>"; };
		14EEA9C31BF4216D001F8097 /* libz.tbd */ = {isa = PBXFileReference; lastKnownFileType = "sourcecode.text-based-dylib-definition"; name = libz.tbd; path = usr/lib/libz.tbd; sourceTree = SDKROOT; };
		14EEA9C51BF42209001F8097 /* SystemConfiguration.framework */ = {isa = PBXFileReference; lastKnownFileType = wrapper.framework; name = SystemConfiguration.framework; path = System/Library/Frameworks/SystemConfiguration.framework; sourceTree = SDKROOT; };
		14EEA9CC1BF4280C001F8097 /* EVATitleButton.h */ = {isa = PBXFileReference; fileEncoding = 4; lastKnownFileType = sourcecode.c.h; path = EVATitleButton.h; sourceTree = "<group>"; };
		14EEA9CD1BF4280C001F8097 /* EVATitleButton.m */ = {isa = PBXFileReference; fileEncoding = 4; lastKnownFileType = sourcecode.c.objc; path = EVATitleButton.m; sourceTree = "<group>"; };
		14EEA9D01BF4280C001F8097 /* HallViewController.h */ = {isa = PBXFileReference; fileEncoding = 4; lastKnownFileType = sourcecode.c.h; path = HallViewController.h; sourceTree = "<group>"; };
		14EEA9D11BF4280C001F8097 /* HallViewController.m */ = {isa = PBXFileReference; fileEncoding = 4; lastKnownFileType = sourcecode.c.objc; path = HallViewController.m; sourceTree = "<group>"; };
		14EEA9DE1BF4280C001F8097 /* EVALoginViewController.h */ = {isa = PBXFileReference; fileEncoding = 4; lastKnownFileType = sourcecode.c.h; path = EVALoginViewController.h; sourceTree = "<group>"; };
		14EEA9DF1BF4280C001F8097 /* EVALoginViewController.m */ = {isa = PBXFileReference; fileEncoding = 4; lastKnownFileType = sourcecode.c.objc; path = EVALoginViewController.m; sourceTree = "<group>"; };
/* End PBXFileReference section */

/* Begin PBXFrameworksBuildPhase section */
		140EB68A1BEF87C600E61A81 /* Frameworks */ = {
			isa = PBXFrameworksBuildPhase;
			buildActionMask = 2147483647;
			files = (
				14EEA9C61BF42209001F8097 /* SystemConfiguration.framework in Frameworks */,
				14EEA9C41BF4216D001F8097 /* libz.tbd in Frameworks */,
				14EEA9B81BF420ED001F8097 /* libUMSocial_Sdk_4.3.a in Frameworks */,
				14EEA9B91BF420ED001F8097 /* libUMSocial_Sdk_Comment_4.3.a in Frameworks */,
			);
			runOnlyForDeploymentPostprocessing = 0;
		};
/* End PBXFrameworksBuildPhase section */

/* Begin PBXGroup section */
		140EB6841BEF87C600E61A81 = {
			isa = PBXGroup;
			children = (
				140EB68F1BEF87C600E61A81 /* Lottery */,
				140EB68E1BEF87C600E61A81 /* Products */,
				F4BC9FE072FA4BC9F46DC4EB /* Frameworks */,
			);
			sourceTree = "<group>";
		};
		140EB68E1BEF87C600E61A81 /* Products */ = {
			isa = PBXGroup;
			children = (
				140EB68D1BEF87C600E61A81 /* Lottery.app */,
			);
			name = Products;
			sourceTree = "<group>";
		};
		140EB68F1BEF87C600E61A81 /* Lottery */ = {
			isa = PBXGroup;
			children = (
				140EB6C41BEF997B00E61A81 /* Main */,
				140EB6A71BEF925400E61A81 /* Libs */,
				140EB6A81BEF925400E61A81 /* src */,
				140EB6BD1BEF925400E61A81 /* Tools */,
				140EB6901BEF87C600E61A81 /* Supporting Files */,
			);
			path = Lottery;
			sourceTree = "<group>";
		};
		140EB6901BEF87C600E61A81 /* Supporting Files */ = {
			isa = PBXGroup;
			children = (
				140EB6991BEF87C600E61A81 /* Main.storyboard */,
				140EB69C1BEF87C600E61A81 /* Assets.xcassets */,
				140EB69E1BEF87C600E61A81 /* LaunchScreen.storyboard */,
				140EB6A11BEF87C600E61A81 /* Info.plist */,
				140EB6911BEF87C600E61A81 /* main.m */,
			);
			name = "Supporting Files";
			sourceTree = "<group>";
		};
		140EB6A71BEF925400E61A81 /* Libs */ = {
			isa = PBXGroup;
			children = (
				14EEA99B1BF420ED001F8097 /* UMSocial_Sdk_4.3 */,
				14822AB01BF2E15200EEEDF8 /* MBProgressHUD */,
			);
			path = Libs;
			sourceTree = "<group>";
		};
		140EB6A81BEF925400E61A81 /* src */ = {
			isa = PBXGroup;
			children = (
				14EEA9C71BF4280C001F8097 /* 未命名文件夹 */,
				14EA8BC61BF0E8C800DD72F8 /* Setting */,
			);
			path = src;
			sourceTree = "<group>";
		};
		140EB6BD1BEF925400E61A81 /* Tools */ = {
			isa = PBXGroup;
			children = (
				14822ADB1BF3162E00EEEDF8 /* SaveTool.h */,
				14822ADC1BF3162E00EEEDF8 /* SaveTool.m */,
			);
			path = Tools;
			sourceTree = "<group>";
		};
		140EB6C41BEF997B00E61A81 /* Main */ = {
			isa = PBXGroup;
			children = (
				140EB6CB1BEF9A8800E61A81 /* Coustom */,
				140EB6C51BEF997B00E61A81 /* AppDelegate.h */,
				140EB6C61BEF997B00E61A81 /* AppDelegate.m */,
				140EB6C71BEF997B00E61A81 /* ViewController.h */,
				140EB6C81BEF997B00E61A81 /* ViewController.m */,
			);
			path = Main;
			sourceTree = "<group>";
		};
		140EB6CB1BEF9A8800E61A81 /* Coustom */ = {
			isa = PBXGroup;
			children = (
				140EB6CC1BEF9A8800E61A81 /* Controller */,
				140EB6CD1BEF9A8800E61A81 /* Model */,
				140EB6CE1BEF9A8800E61A81 /* View */,
			);
			path = Coustom;
			sourceTree = "<group>";
		};
		140EB6CC1BEF9A8800E61A81 /* Controller */ = {
			isa = PBXGroup;
			children = (
				140EB6CF1BEF9AB200E61A81 /* EVATabBarController.h */,
				140EB6D01BEF9AB200E61A81 /* EVATabBarController.m */,
				14EA8BA51BF0930C00DD72F8 /* EVANavigationController.h */,
				14EA8BA61BF0930C00DD72F8 /* EVANavigationController.m */,
			);
			path = Controller;
			sourceTree = "<group>";
		};
		140EB6CD1BEF9A8800E61A81 /* Model */ = {
			isa = PBXGroup;
			children = (
			);
			path = Model;
			sourceTree = "<group>";
		};
		140EB6CE1BEF9A8800E61A81 /* View */ = {
			isa = PBXGroup;
			children = (
				140EB6D21BEF9AC900E61A81 /* EVATabBar.h */,
				140EB6D31BEF9AC900E61A81 /* EVATabBar.m */,
				14EA8B9F1BF076D700DD72F8 /* EVATabBarButton.h */,
				14EA8BA01BF076D700DD72F8 /* EVATabBarButton.m */,
			);
			path = View;
			sourceTree = "<group>";
		};
		143A303B1BF3368E00DEC134 /* Help */ = {
			isa = PBXGroup;
			children = (
				143A303D1BF336B500DEC134 /* EVAHelp.h */,
				143A303E1BF336B500DEC134 /* EVAHelp.m */,
			);
			path = Help;
			sourceTree = "<group>";
		};
		143A303C1BF3369500DEC134 /* Help */ = {
			isa = PBXGroup;
			children = (
				143A30401BF337FB00DEC134 /* HelpViewController.h */,
				143A30411BF337FB00DEC134 /* HelpViewController.m */,
				143A30431BF3469700DEC134 /* HtmlViewController.h */,
				143A30441BF3469700DEC134 /* HtmlViewController.m */,
			);
			path = Help;
			sourceTree = "<group>";
		};
		143A30461BF3474900DEC134 /* Html */ = {
			isa = PBXGroup;
			children = (
				143A30471BF3474900DEC134 /* bjdc_howto.html */,
				143A30481BF3474900DEC134 /* coupon_help.html */,
				143A30491BF3474900DEC134 /* credit_help.html */,
				143A304A1BF3474900DEC134 /* dlt_howto.html */,
				143A304B1BF3474900DEC134 /* f9_howto.html */,
				143A304C1BF3474900DEC134 /* gdy11_howto.html */,
				143A304D1BF3474900DEC134 /* group_record.html */,
				143A304E1BF3474900DEC134 /* help.html */,
				143A304F1BF3474900DEC134 /* helpGroupBuy.html */,
				143A30501BF3474900DEC134 /* jclq_howto.html */,
				143A30511BF3474900DEC134 /* jczq_howto.html */,
				143A30521BF3474900DEC134 /* jxssc_howto.html */,
				143A30531BF3474900DEC134 /* jxy11_howto.html */,
				143A30541BF3474900DEC134 /* k2_howto.html */,
				143A30551BF3474900DEC134 /* k3_howto.html */,
				143A30561BF3474900DEC134 /* kl8_howto.html */,
				143A30571BF3474900DEC134 /* lk11_howto.html */,
				143A30581BF3474900DEC134 /* networkconnectedfailed.html */,
				143A30591BF3474900DEC134 /* pl3_howto.html */,
				143A305A1BF3474900DEC134 /* pl5_howto.html */,
				143A305B1BF3474900DEC134 /* qlc_howto.html */,
				143A305C1BF3474900DEC134 /* qxc_howto.html */,
				143A305D1BF3474900DEC134 /* rule.css */,
				143A305E1BF3474900DEC134 /* sfc_howto.html */,
				143A305F1BF3474900DEC134 /* ssc_howto.html */,
				143A30601BF3474900DEC134 /* ssq_howto.html */,
				143A30611BF3474900DEC134 /* x3d_howto.html */,
				143A30621BF3474900DEC134 /* y11_howto.html */,
				143A30631BF3474900DEC134 /* znzh.html */,
			);
			path = Html;
			sourceTree = "<group>";
		};
		143A30811BF35D2700DEC134 /* Share */ = {
			isa = PBXGroup;
			children = (
				143A30821BF35D3B00DEC134 /* ShareViewController.h */,
				143A30831BF35D3B00DEC134 /* ShareViewController.m */,
			);
			path = Share;
			sourceTree = "<group>";
		};
		143A30851BF363A900DEC134 /* About */ = {
			isa = PBXGroup;
			children = (
				143A30861BF363B300DEC134 /* AboutViewController.h */,
				143A30871BF363B300DEC134 /* AboutViewController.m */,
			);
			path = About;
			sourceTree = "<group>";
		};
		143A30891BF3641F00DEC134 /* About */ = {
			isa = PBXGroup;
			children = (
				143A308A1BF3644C00DEC134 /* AboutHeaderView.h */,
				143A308B1BF3644C00DEC134 /* AboutHeaderView.m */,
				143A308D1BF3645E00DEC134 /* AboutHeaderView.xib */,
			);
			path = About;
			sourceTree = "<group>";
		};
		14822AB01BF2E15200EEEDF8 /* MBProgressHUD */ = {
			isa = PBXGroup;
			children = (
				14822AB11BF2E15200EEEDF8 /* MBProgressHUD+MJ.h */,
				14822AB21BF2E15200EEEDF8 /* MBProgressHUD+MJ.m */,
				14822AB31BF2E15200EEEDF8 /* MBProgressHUD.bundle */,
				14822AB41BF2E15200EEEDF8 /* MBProgressHUD.h */,
				14822AB51BF2E15200EEEDF8 /* MBProgressHUD.m */,
			);
			path = MBProgressHUD;
			sourceTree = "<group>";
		};
		14822AB91BF2E25C00EEEDF8 /* Product */ = {
			isa = PBXGroup;
			children = (
				14822ABA1BF2E27F00EEEDF8 /* ProductViewController.h */,
				14822ABB1BF2E27F00EEEDF8 /* ProductViewController.m */,
			);
			path = Product;
			sourceTree = "<group>";
		};
		14822ABD1BF2E2AF00EEEDF8 /* Product */ = {
			isa = PBXGroup;
			children = (
				14822ABE1BF2E2D500EEEDF8 /* EVAProduct.h */,
				14822ABF1BF2E2D500EEEDF8 /* EVAProduct.m */,
			);
			path = Product;
			sourceTree = "<group>";
		};
		14822AC11BF2E32300EEEDF8 /* Product */ = {
			isa = PBXGroup;
			children = (
				14822AC21BF2E34B00EEEDF8 /* EVAProductCell.h */,
				14822AC31BF2E34B00EEEDF8 /* EVAProductCell.m */,
				14822AC41BF2E34B00EEEDF8 /* EVAProductCell.xib */,
			);
			path = Product;
			sourceTree = "<group>";
		};
		14822AC71BF2E5A100EEEDF8 /* JSON */ = {
			isa = PBXGroup;
			children = (
				14822AC81BF2E5A100EEEDF8 /* cywt.json */,
				14822AC91BF2E5A100EEEDF8 /* help.json */,
				14822ACA1BF2E5A100EEEDF8 /* products.json */,
			);
			name = JSON;
			path = Data;
			sourceTree = "<group>";
		};
		14822AD11BF2F25A00EEEDF8 /* Push */ = {
			isa = PBXGroup;
			children = (
				14822AD21BF2F28600EEEDF8 /* PushNoticeController.h */,
				14822AD31BF2F28600EEEDF8 /* PushNoticeController.m */,
				14822AD51BF314BB00EEEDF8 /* ScoreNoticeViewController.h */,
				14822AD61BF314BB00EEEDF8 /* ScoreNoticeViewController.m */,
			);
			path = Push;
			sourceTree = "<group>";
		};
		14EA8BC61BF0E8C800DD72F8 /* Setting */ = {
			isa = PBXGroup;
			children = (
				14822AC71BF2E5A100EEEDF8 /* JSON */,
				143A30461BF3474900DEC134 /* Html */,
				14EA8BC71BF0E8C800DD72F8 /* Controller */,
				14EA8BC81BF0E8C800DD72F8 /* Model */,
				14EA8BC91BF0E8C800DD72F8 /* View */,
			);
			path = Setting;
			sourceTree = "<group>";
		};
		14EA8BC71BF0E8C800DD72F8 /* Controller */ = {
			isa = PBXGroup;
			children = (
				143A30851BF363A900DEC134 /* About */,
				143A30811BF35D2700DEC134 /* Share */,
				143A303C1BF3369500DEC134 /* Help */,
				14822AD11BF2F25A00EEEDF8 /* Push */,
				14822AB91BF2E25C00EEEDF8 /* Product */,
				14EA8BCA1BF0E92200DD72F8 /* EVASettingViewController.h */,
				14EA8BCB1BF0E92200DD72F8 /* EVASettingViewController.m */,
				14822ACE1BF2EE0600EEEDF8 /* BaseViewController.h */,
				14822ACF1BF2EE0600EEEDF8 /* BaseViewController.m */,
			);
			path = Controller;
			sourceTree = "<group>";
		};
		14EA8BC81BF0E8C800DD72F8 /* Model */ = {
			isa = PBXGroup;
			children = (
				143A303B1BF3368E00DEC134 /* Help */,
				14822ABD1BF2E2AF00EEEDF8 /* Product */,
				14EA8BCD1BF0EFFA00DD72F8 /* EVASettingItem.h */,
				14EA8BCE1BF0EFFA00DD72F8 /* EVASettingItem.m */,
				14EA8BD01BF0F5BA00DD72F8 /* EVAGroup.h */,
				14EA8BD11BF0F5BA00DD72F8 /* EVAGroup.m */,
				14EA8BD61BF0FE5400DD72F8 /* ArrowItem.h */,
				14EA8BD71BF0FE5400DD72F8 /* ArrowItem.m */,
				14EA8BD91BF0FEC500DD72F8 /* SwitchItem.h */,
				14EA8BDA1BF0FEC500DD72F8 /* SwitchItem.m */,
				14822AD81BF315E900EEEDF8 /* LabelItem.h */,
				14822AD91BF315E900EEEDF8 /* LabelItem.m */,
			);
			path = Model;
			sourceTree = "<group>";
		};
		14EA8BC91BF0E8C800DD72F8 /* View */ = {
			isa = PBXGroup;
			children = (
				143A30891BF3641F00DEC134 /* About */,
				14822AC11BF2E32300EEEDF8 /* Product */,
				14EA8BD31BF0FA0800DD72F8 /* EVASettingTableViewCell.h */,
				14EA8BD41BF0FA0800DD72F8 /* EVASettingTableViewCell.m */,
			);
			path = View;
			sourceTree = "<group>";
		};
		14EEA99B1BF420ED001F8097 /* UMSocial_Sdk_4.3 */ = {
			isa = PBXGroup;
			children = (
				14EEA99C1BF420ED001F8097 /* UMSocialLocalizable.strings */,
				14EEA99E1BF420ED001F8097 /* Header */,
				14EEA9AA1BF420ED001F8097 /* libUMSocial_Sdk_4.3.a */,
				14EEA9AB1BF420ED001F8097 /* libUMSocial_Sdk_Comment_4.3.a */,
				14EEA9AC1BF420ED001F8097 /* SocialSDKXib */,
				14EEA9B51BF420ED001F8097 /* UMSocialSDKResourcesNew.bundle */,
			);
			path = UMSocial_Sdk_4.3;
			sourceTree = "<group>";
		};
		14EEA99E1BF420ED001F8097 /* Header */ = {
			isa = PBXGroup;
			children = (
				14EEA99F1BF420ED001F8097 /* UMSocial.h */,
				14EEA9A01BF420ED001F8097 /* UMSocialAccountManager.h */,
				14EEA9A11BF420ED001F8097 /* UMSocialBar.h */,
				14EEA9A21BF420ED001F8097 /* UMSocialConfig.h */,
				14EEA9A31BF420ED001F8097 /* UMSocialControllerService.h */,
				14EEA9A41BF420ED001F8097 /* UMSocialControllerServiceComment.h */,
				14EEA9A51BF420ED001F8097 /* UMSocialData.h */,
				14EEA9A61BF420ED001F8097 /* UMSocialDataService.h */,
				14EEA9A71BF420ED001F8097 /* UMSocialSnsData.h */,
				14EEA9A81BF420ED001F8097 /* UMSocialSnsPlatformManager.h */,
				14EEA9A91BF420ED001F8097 /* UMSocialSnsService.h */,
			);
			path = Header;
			sourceTree = "<group>";
		};
		14EEA9AC1BF420ED001F8097 /* SocialSDKXib */ = {
			isa = PBXGroup;
			children = (
				14EEA9AD1BF420ED001F8097 /* UMSCommentDetailController.xib */,
				14EEA9AE1BF420ED001F8097 /* UMSCommentInputController.xib */,
				14EEA9AF1BF420ED001F8097 /* UMSCommentInputControlleriPad.xib */,
				14EEA9B01BF420ED001F8097 /* UMShareEditViewController.xib */,
				14EEA9B11BF420ED001F8097 /* UMShareEditViewControlleriPad.xib */,
				14EEA9B21BF420ED001F8097 /* UMSLoginViewController.xib */,
				14EEA9B31BF420ED001F8097 /* UMSnsAccountViewController.xib */,
				14EEA9B41BF420ED001F8097 /* UMSShareListController.xib */,
			);
			path = SocialSDKXib;
			sourceTree = "<group>";
		};
		14EEA9C71BF4280C001F8097 /* 未命名文件夹 */ = {
			isa = PBXGroup;
			children = (
				14EEA9C81BF4280C001F8097 /* Buy */,
				14EEA9CE1BF4280C001F8097 /* Hall */,
				14EEA9D41BF4280C001F8097 /* Lucky */,
				14EEA9D81BF4280C001F8097 /* Reward */,
				14EEA9DC1BF4280C001F8097 /* User */,
			);
			path = "未命名文件夹";
			sourceTree = "<group>";
		};
		14EEA9C81BF4280C001F8097 /* Buy */ = {
			isa = PBXGroup;
			children = (
				14EEA9C91BF4280C001F8097 /* Controller */,
				14EEA9CA1BF4280C001F8097 /* Model */,
				14EEA9CB1BF4280C001F8097 /* View */,
			);
			path = Buy;
			sourceTree = "<group>";
		};
		14EEA9C91BF4280C001F8097 /* Controller */ = {
			isa = PBXGroup;
			children = (
			);
			path = Controller;
			sourceTree = "<group>";
		};
		14EEA9CA1BF4280C001F8097 /* Model */ = {
			isa = PBXGroup;
			children = (
			);
			path = Model;
			sourceTree = "<group>";
		};
		14EEA9CB1BF4280C001F8097 /* View */ = {
			isa = PBXGroup;
			children = (
				14EEA9CC1BF4280C001F8097 /* EVATitleButton.h */,
				14EEA9CD1BF4280C001F8097 /* EVATitleButton.m */,
			);
			path = View;
			sourceTree = "<group>";
		};
		14EEA9CE1BF4280C001F8097 /* Hall */ = {
			isa = PBXGroup;
			children = (
				14EEA9CF1BF4280C001F8097 /* Controller */,
				14EEA9D21BF4280C001F8097 /* Model */,
				14EEA9D31BF4280C001F8097 /* View */,
			);
			path = Hall;
			sourceTree = "<group>";
		};
		14EEA9CF1BF4280C001F8097 /* Controller */ = {
			isa = PBXGroup;
			children = (
				14EEA9D01BF4280C001F8097 /* HallViewController.h */,
				14EEA9D11BF4280C001F8097 /* HallViewController.m */,
			);
			path = Controller;
			sourceTree = "<group>";
		};
		14EEA9D21BF4280C001F8097 /* Model */ = {
			isa = PBXGroup;
			children = (
			);
			path = Model;
			sourceTree = "<group>";
		};
		14EEA9D31BF4280C001F8097 /* View */ = {
			isa = PBXGroup;
			children = (
			);
			path = View;
			sourceTree = "<group>";
		};
		14EEA9D41BF4280C001F8097 /* Lucky */ = {
			isa = PBXGroup;
			children = (
				14EEA9D51BF4280C001F8097 /* Controller */,
				14EEA9D61BF4280C001F8097 /* Model */,
				14EEA9D71BF4280C001F8097 /* View */,
			);
			path = Lucky;
			sourceTree = "<group>";
		};
		14EEA9D51BF4280C001F8097 /* Controller */ = {
			isa = PBXGroup;
			children = (
			);
			path = Controller;
			sourceTree = "<group>";
		};
		14EEA9D61BF4280C001F8097 /* Model */ = {
			isa = PBXGroup;
			children = (
			);
			path = Model;
			sourceTree = "<group>";
		};
		14EEA9D71BF4280C001F8097 /* View */ = {
			isa = PBXGroup;
			children = (
			);
			path = View;
			sourceTree = "<group>";
		};
		14EEA9D81BF4280C001F8097 /* Reward */ = {
			isa = PBXGroup;
			children = (
				14EEA9D91BF4280C001F8097 /* Controller */,
				14EEA9DA1BF4280C001F8097 /* Model */,
				14EEA9DB1BF4280C001F8097 /* View */,
			);
			path = Reward;
			sourceTree = "<group>";
		};
		14EEA9D91BF4280C001F8097 /* Controller */ = {
			isa = PBXGroup;
			children = (
			);
			path = Controller;
			sourceTree = "<group>";
		};
		14EEA9DA1BF4280C001F8097 /* Model */ = {
			isa = PBXGroup;
			children = (
			);
			path = Model;
			sourceTree = "<group>";
		};
		14EEA9DB1BF4280C001F8097 /* View */ = {
			isa = PBXGroup;
			children = (
			);
			path = View;
			sourceTree = "<group>";
		};
		14EEA9DC1BF4280C001F8097 /* User */ = {
			isa = PBXGroup;
			children = (
				14EEA9DD1BF4280C001F8097 /* Controller */,
				14EEA9E01BF4280C001F8097 /* Model */,
				14EEA9E11BF4280C001F8097 /* View */,
			);
			path = User;
			sourceTree = "<group>";
		};
		14EEA9DD1BF4280C001F8097 /* Controller */ = {
			isa = PBXGroup;
			children = (
				14EEA9DE1BF4280C001F8097 /* EVALoginViewController.h */,
				14EEA9DF1BF4280C001F8097 /* EVALoginViewController.m */,
			);
			path = Controller;
			sourceTree = "<group>";
		};
		14EEA9E01BF4280C001F8097 /* Model */ = {
			isa = PBXGroup;
			children = (
			);
			path = Model;
			sourceTree = "<group>";
		};
		14EEA9E11BF4280C001F8097 /* View */ = {
			isa = PBXGroup;
			children = (
			);
			path = View;
			sourceTree = "<group>";
		};
		F4BC9FE072FA4BC9F46DC4EB /* Frameworks */ = {
			isa = PBXGroup;
			children = (
				14EEA9C51BF42209001F8097 /* SystemConfiguration.framework */,
				14EEA9C31BF4216D001F8097 /* libz.tbd */,
			);
			name = Frameworks;
			sourceTree = "<group>";
		};
/* End PBXGroup section */

/* Begin PBXNativeTarget section */
		140EB68C1BEF87C600E61A81 /* Lottery */ = {
			isa = PBXNativeTarget;
			buildConfigurationList = 140EB6A41BEF87C600E61A81 /* Build configuration list for PBXNativeTarget "Lottery" */;
			buildPhases = (
				140EB6891BEF87C600E61A81 /* Sources */,
				140EB68A1BEF87C600E61A81 /* Frameworks */,
				140EB68B1BEF87C600E61A81 /* Resources */,
			);
			buildRules = (
			);
			dependencies = (
			);
			name = Lottery;
			productName = Lottery;
			productReference = 140EB68D1BEF87C600E61A81 /* Lottery.app */;
			productType = "com.apple.product-type.application";
		};
/* End PBXNativeTarget section */

/* Begin PBXProject section */
		140EB6851BEF87C600E61A81 /* Project object */ = {
			isa = PBXProject;
			attributes = {
				LastUpgradeCheck = 0710;
				ORGANIZATIONNAME = lyh;
				TargetAttributes = {
					140EB68C1BEF87C600E61A81 = {
						CreatedOnToolsVersion = 7.1;
					};
				};
			};
			buildConfigurationList = 140EB6881BEF87C600E61A81 /* Build configuration list for PBXProject "Lottery" */;
			compatibilityVersion = "Xcode 3.2";
			developmentRegion = English;
			hasScannedForEncodings = 0;
			knownRegions = (
				en,
				Base,
				"zh-Hans",
			);
			mainGroup = 140EB6841BEF87C600E61A81;
			productRefGroup = 140EB68E1BEF87C600E61A81 /* Products */;
			projectDirPath = "";
			projectRoot = "";
			targets = (
				140EB68C1BEF87C600E61A81 /* Lottery */,
			);
		};
/* End PBXProject section */

/* Begin PBXResourcesBuildPhase section */
		140EB68B1BEF87C600E61A81 /* Resources */ = {
			isa = PBXResourcesBuildPhase;
			buildActionMask = 2147483647;
			files = (
				14822ACB1BF2E5A100EEEDF8 /* cywt.json in Resources */,
				143A30671BF3474900DEC134 /* dlt_howto.html in Resources */,
				143A30741BF3474900DEC134 /* lk11_howto.html in Resources */,
				14822ACD1BF2E5A100EEEDF8 /* products.json in Resources */,
				14822AC61BF2E34B00EEEDF8 /* EVAProductCell.xib in Resources */,
				143A306E1BF3474900DEC134 /* jczq_howto.html in Resources */,
				14EEA9BA1BF420ED001F8097 /* UMSCommentDetailController.xib in Resources */,
				143A307C1BF3474900DEC134 /* ssc_howto.html in Resources */,
				143A30641BF3474900DEC134 /* bjdc_howto.html in Resources */,
				143A307E1BF3474900DEC134 /* x3d_howto.html in Resources */,
				143A306B1BF3474900DEC134 /* help.html in Resources */,
				143A306A1BF3474900DEC134 /* group_record.html in Resources */,
				143A30731BF3474900DEC134 /* kl8_howto.html in Resources */,
				143A30771BF3474900DEC134 /* pl5_howto.html in Resources */,
				14EEA9BF1BF420ED001F8097 /* UMSLoginViewController.xib in Resources */,
				14EEA9BE1BF420ED001F8097 /* UMShareEditViewControlleriPad.xib in Resources */,
				140EB6A01BEF87C600E61A81 /* LaunchScreen.storyboard in Resources */,
				143A306D1BF3474900DEC134 /* jclq_howto.html in Resources */,
				143A307A1BF3474900DEC134 /* rule.css in Resources */,
				143A306F1BF3474900DEC134 /* jxssc_howto.html in Resources */,
				14822AB71BF2E15200EEEDF8 /* MBProgressHUD.bundle in Resources */,
				140EB69D1BEF87C600E61A81 /* Assets.xcassets in Resources */,
				140EB69B1BEF87C600E61A81 /* Main.storyboard in Resources */,
				143A30761BF3474900DEC134 /* pl3_howto.html in Resources */,
				143A30681BF3474900DEC134 /* f9_howto.html in Resources */,
				143A30721BF3474900DEC134 /* k3_howto.html in Resources */,
				14EEA9BC1BF420ED001F8097 /* UMSCommentInputControlleriPad.xib in Resources */,
				143A30661BF3474900DEC134 /* credit_help.html in Resources */,
				143A308E1BF3645E00DEC134 /* AboutHeaderView.xib in Resources */,
				14EEA9BD1BF420ED001F8097 /* UMShareEditViewController.xib in Resources */,
				143A30691BF3474900DEC134 /* gdy11_howto.html in Resources */,
				14822ACC1BF2E5A100EEEDF8 /* help.json in Resources */,
				143A30701BF3474900DEC134 /* jxy11_howto.html in Resources */,
				143A30751BF3474900DEC134 /* networkconnectedfailed.html in Resources */,
				143A30781BF3474900DEC134 /* qlc_howto.html in Resources */,
				14EEA9C01BF420ED001F8097 /* UMSnsAccountViewController.xib in Resources */,
				143A30711BF3474900DEC134 /* k2_howto.html in Resources */,
				143A30791BF3474900DEC134 /* qxc_howto.html in Resources */,
				143A30801BF3474900DEC134 /* znzh.html in Resources */,
				143A307D1BF3474900DEC134 /* ssq_howto.html in Resources */,
				143A307F1BF3474900DEC134 /* y11_howto.html in Resources */,
				14EEA9B71BF420ED001F8097 /* UMSocialLocalizable.strings in Resources */,
				14EEA9C21BF420ED001F8097 /* UMSocialSDKResourcesNew.bundle in Resources */,
				143A307B1BF3474900DEC134 /* sfc_howto.html in Resources */,
				14EEA9C11BF420ED001F8097 /* UMSShareListController.xib in Resources */,
				143A30651BF3474900DEC134 /* coupon_help.html in Resources */,
				143A306C1BF3474900DEC134 /* helpGroupBuy.html in Resources */,
				14EEA9BB1BF420ED001F8097 /* UMSCommentInputController.xib in Resources */,
			);
			runOnlyForDeploymentPostprocessing = 0;
		};
/* End PBXResourcesBuildPhase section */

/* Begin PBXSourcesBuildPhase section */
		140EB6891BEF87C600E61A81 /* Sources */ = {
			isa = PBXSourcesBuildPhase;
			buildActionMask = 2147483647;
			files = (
				14822ADD1BF3162E00EEEDF8 /* SaveTool.m in Sources */,
				14EA8BD21BF0F5BA00DD72F8 /* EVAGroup.m in Sources */,
				140EB6D11BEF9AB200E61A81 /* EVATabBarController.m in Sources */,
				140EB6CA1BEF997B00E61A81 /* ViewController.m in Sources */,
				14EA8BA11BF076D700DD72F8 /* EVATabBarButton.m in Sources */,
				14822AC01BF2E2D500EEEDF8 /* EVAProduct.m in Sources */,
				14EA8BD81BF0FE5400DD72F8 /* ArrowItem.m in Sources */,
				14EEA9E41BF4280C001F8097 /* EVALoginViewController.m in Sources */,
				14822AC51BF2E34B00EEEDF8 /* EVAProductCell.m in Sources */,
				14EEA9E31BF4280C001F8097 /* HallViewController.m in Sources */,
				14EA8BCF1BF0EFFA00DD72F8 /* EVASettingItem.m in Sources */,
				14EA8BA71BF0930C00DD72F8 /* EVANavigationController.m in Sources */,
				143A30421BF337FB00DEC134 /* HelpViewController.m in Sources */,
				14822AB61BF2E15200EEEDF8 /* MBProgressHUD+MJ.m in Sources */,
				14EA8BDB1BF0FEC500DD72F8 /* SwitchItem.m in Sources */,
				143A30451BF3469700DEC134 /* HtmlViewController.m in Sources */,
				140EB6D41BEF9AC900E61A81 /* EVATabBar.m in Sources */,
				14822AD01BF2EE0600EEEDF8 /* BaseViewController.m in Sources */,
				140EB6C91BEF997B00E61A81 /* AppDelegate.m in Sources */,
				14EEA9E21BF4280C001F8097 /* EVATitleButton.m in Sources */,
				14EA8BD51BF0FA0800DD72F8 /* EVASettingTableViewCell.m in Sources */,
				14822AB81BF2E15200EEEDF8 /* MBProgressHUD.m in Sources */,
				143A303F1BF336B500DEC134 /* EVAHelp.m in Sources */,
				14822AD41BF2F28600EEEDF8 /* PushNoticeController.m in Sources */,
				14822AD71BF314BB00EEEDF8 /* ScoreNoticeViewController.m in Sources */,
				14822ADA1BF315E900EEEDF8 /* LabelItem.m in Sources */,
				14822ABC1BF2E27F00EEEDF8 /* ProductViewController.m in Sources */,
				143A30881BF363B300DEC134 /* AboutViewController.m in Sources */,
				140EB6921BEF87C600E61A81 /* main.m in Sources */,
				143A308C1BF3644C00DEC134 /* AboutHeaderView.m in Sources */,
				14EA8BCC1BF0E92200DD72F8 /* EVASettingViewController.m in Sources */,
				143A30841BF35D3B00DEC134 /* ShareViewController.m in Sources */,
			);
			runOnlyForDeploymentPostprocessing = 0;
		};
/* End PBXSourcesBuildPhase section */

/* Begin PBXVariantGroup section */
		140EB6991BEF87C600E61A81 /* Main.storyboard */ = {
			isa = PBXVariantGroup;
			children = (
				140EB69A1BEF87C600E61A81 /* Base */,
			);
			name = Main.storyboard;
			sourceTree = "<group>";
		};
		140EB69E1BEF87C600E61A81 /* LaunchScreen.storyboard */ = {
			isa = PBXVariantGroup;
			children = (
				140EB69F1BEF87C600E61A81 /* Base */,
			);
			name = LaunchScreen.storyboard;
			sourceTree = "<group>";
		};
		14EEA99C1BF420ED001F8097 /* UMSocialLocalizable.strings */ = {
			isa = PBXVariantGroup;
			children = (
				14EEA99D1BF420ED001F8097 /* en */,
				14EEA9B61BF420ED001F8097 /* zh-Hans */,
			);
			name = UMSocialLocalizable.strings;
			sourceTree = "<group>";
		};
/* End PBXVariantGroup section */

/* Begin XCBuildConfiguration section */
		140EB6A21BEF87C600E61A81 /* Debug */ = {
			isa = XCBuildConfiguration;
			buildSettings = {
				ALWAYS_SEARCH_USER_PATHS = NO;
				CLANG_CXX_LANGUAGE_STANDARD = "gnu++0x";
				CLANG_CXX_LIBRARY = "libc++";
				CLANG_ENABLE_MODULES = YES;
				CLANG_ENABLE_OBJC_ARC = YES;
				CLANG_WARN_BOOL_CONVERSION = YES;
				CLANG_WARN_CONSTANT_CONVERSION = YES;
				CLANG_WARN_DIRECT_OBJC_ISA_USAGE = YES_ERROR;
				CLANG_WARN_EMPTY_BODY = YES;
				CLANG_WARN_ENUM_CONVERSION = YES;
				CLANG_WARN_INT_CONVERSION = YES;
				CLANG_WARN_OBJC_ROOT_CLASS = YES_ERROR;
				CLANG_WARN_UNREACHABLE_CODE = YES;
				CLANG_WARN__DUPLICATE_METHOD_MATCH = YES;
				"CODE_SIGN_IDENTITY[sdk=iphoneos*]" = "iPhone Developer";
				COPY_PHASE_STRIP = NO;
				DEBUG_INFORMATION_FORMAT = dwarf;
				ENABLE_STRICT_OBJC_MSGSEND = YES;
				ENABLE_TESTABILITY = YES;
				GCC_C_LANGUAGE_STANDARD = gnu99;
				GCC_DYNAMIC_NO_PIC = NO;
				GCC_NO_COMMON_BLOCKS = YES;
				GCC_OPTIMIZATION_LEVEL = 0;
				GCC_PREPROCESSOR_DEFINITIONS = (
					"DEBUG=1",
					"$(inherited)",
				);
				GCC_WARN_64_TO_32_BIT_CONVERSION = YES;
				GCC_WARN_ABOUT_RETURN_TYPE = YES_ERROR;
				GCC_WARN_UNDECLARED_SELECTOR = YES;
				GCC_WARN_UNINITIALIZED_AUTOS = YES_AGGRESSIVE;
				GCC_WARN_UNUSED_FUNCTION = YES;
				GCC_WARN_UNUSED_VARIABLE = YES;
				IPHONEOS_DEPLOYMENT_TARGET = 9.1;
				MTL_ENABLE_DEBUG_INFO = YES;
				ONLY_ACTIVE_ARCH = YES;
				SDKROOT = iphoneos;
			};
			name = Debug;
		};
		140EB6A31BEF87C600E61A81 /* Release */ = {
			isa = XCBuildConfiguration;
			buildSettings = {
				ALWAYS_SEARCH_USER_PATHS = NO;
				CLANG_CXX_LANGUAGE_STANDARD = "gnu++0x";
				CLANG_CXX_LIBRARY = "libc++";
				CLANG_ENABLE_MODULES = YES;
				CLANG_ENABLE_OBJC_ARC = YES;
				CLANG_WARN_BOOL_CONVERSION = YES;
				CLANG_WARN_CONSTANT_CONVERSION = YES;
				CLANG_WARN_DIRECT_OBJC_ISA_USAGE = YES_ERROR;
				CLANG_WARN_EMPTY_BODY = YES;
				CLANG_WARN_ENUM_CONVERSION = YES;
				CLANG_WARN_INT_CONVERSION = YES;
				CLANG_WARN_OBJC_ROOT_CLASS = YES_ERROR;
				CLANG_WARN_UNREACHABLE_CODE = YES;
				CLANG_WARN__DUPLICATE_METHOD_MATCH = YES;
				"CODE_SIGN_IDENTITY[sdk=iphoneos*]" = "iPhone Developer";
				COPY_PHASE_STRIP = NO;
				DEBUG_INFORMATION_FORMAT = "dwarf-with-dsym";
				ENABLE_NS_ASSERTIONS = NO;
				ENABLE_STRICT_OBJC_MSGSEND = YES;
				GCC_C_LANGUAGE_STANDARD = gnu99;
				GCC_NO_COMMON_BLOCKS = YES;
				GCC_WARN_64_TO_32_BIT_CONVERSION = YES;
				GCC_WARN_ABOUT_RETURN_TYPE = YES_ERROR;
				GCC_WARN_UNDECLARED_SELECTOR = YES;
				GCC_WARN_UNINITIALIZED_AUTOS = YES_AGGRESSIVE;
				GCC_WARN_UNUSED_FUNCTION = YES;
				GCC_WARN_UNUSED_VARIABLE = YES;
				IPHONEOS_DEPLOYMENT_TARGET = 9.1;
				MTL_ENABLE_DEBUG_INFO = NO;
				SDKROOT = iphoneos;
				VALIDATE_PRODUCT = YES;
			};
			name = Release;
		};
		140EB6A51BEF87C600E61A81 /* Debug */ = {
			isa = XCBuildConfiguration;
			buildSettings = {
				ASSETCATALOG_COMPILER_APPICON_NAME = AppIcon;
				ASSETCATALOG_COMPILER_LAUNCHIMAGE_NAME = "Brand Assets";
				CODE_SIGN_IDENTITY = "iPhone Developer";
				INFOPLIST_FILE = Lottery/Info.plist;
				LD_RUNPATH_SEARCH_PATHS = "$(inherited) @executable_path/Frameworks";
				LIBRARY_SEARCH_PATHS = (
					"$(inherited)",
					"$(PROJECT_DIR)/Lottery/Libs/UMSocial_Sdk_4.3",
				);
				PRODUCT_BUNDLE_IDENTIFIER = github.i8023eva.Lottery;
				PRODUCT_NAME = "$(TARGET_NAME)";
			};
			name = Debug;
		};
		140EB6A61BEF87C600E61A81 /* Release */ = {
			isa = XCBuildConfiguration;
			buildSettings = {
				ASSETCATALOG_COMPILER_APPICON_NAME = AppIcon;
				ASSETCATALOG_COMPILER_LAUNCHIMAGE_NAME = "Brand Assets";
				CODE_SIGN_IDENTITY = "iPhone Developer";
				INFOPLIST_FILE = Lottery/Info.plist;
				LD_RUNPATH_SEARCH_PATHS = "$(inherited) @executable_path/Frameworks";
				LIBRARY_SEARCH_PATHS = (
					"$(inherited)",
					"$(PROJECT_DIR)/Lottery/Libs/UMSocial_Sdk_4.3",
				);
				PRODUCT_BUNDLE_IDENTIFIER = github.i8023eva.Lottery;
				PRODUCT_NAME = "$(TARGET_NAME)";
			};
			name = Release;
		};
/* End XCBuildConfiguration section */

/* Begin XCConfigurationList section */
		140EB6881BEF87C600E61A81 /* Build configuration list for PBXProject "Lottery" */ = {
			isa = XCConfigurationList;
			buildConfigurations = (
				140EB6A21BEF87C600E61A81 /* Debug */,
				140EB6A31BEF87C600E61A81 /* Release */,
			);
			defaultConfigurationIsVisible = 0;
			defaultConfigurationName = Release;
		};
		140EB6A41BEF87C600E61A81 /* Build configuration list for PBXNativeTarget "Lottery" */ = {
			isa = XCConfigurationList;
			buildConfigurations = (
				140EB6A51BEF87C600E61A81 /* Debug */,
				140EB6A61BEF87C600E61A81 /* Release */,
			);
			defaultConfigurationIsVisible = 0;
			defaultConfigurationName = Release;
		};
/* End XCConfigurationList section */
	};
	rootObject = 140EB6851BEF87C600E61A81 /* Project object */;
}
