// !$*UTF8*$!
{
	archiveVersion = 1;
	classes = {
	};
	objectVersion = 46;
	objects = {

/* Begin PBXBuildFile section */
		140EB6921BEF87C600E61A81 /* main.m in Sources */ = {isa = PBXBuildFile; fileRef = 140EB6911BEF87C600E61A81 /* main.m */; };
		140EB69B1BEF87C600E61A81 /* Main.storyboard in Resources */ = {isa = PBXBuildFile; fileRef = 140EB6991BEF87C600E61A81 /* Main.storyboard */; };
		140EB69D1BEF87C600E61A81 /* Assets.xcassets in Resources */ = {isa = PBXBuildFile; fileRef = 140EB69C1BEF87C600E61A81 /* Assets.xcassets */; };
		140EB6A01BEF87C600E61A81 /* LaunchScreen.storyboard in Resources */ = {isa = PBXBuildFile; fileRef = 140EB69E1BEF87C600E61A81 /* LaunchScreen.storyboard */; };
		140EB6C91BEF997B00E61A81 /* AppDelegate.m in Sources */ = {isa = PBXBuildFile; fileRef = 140EB6C61BEF997B00E61A81 /* AppDelegate.m */; };
		140EB6CA1BEF997B00E61A81 /* ViewController.m in Sources */ = {isa = PBXBuildFile; fileRef = 140EB6C81BEF997B00E61A81 /* ViewController.m */; };
		140EB6D11BEF9AB200E61A81 /* EVATabBarController.m in Sources */ = {isa = PBXBuildFile; fileRef = 140EB6D01BEF9AB200E61A81 /* EVATabBarController.m */; };
		140EB6D41BEF9AC900E61A81 /* EVATabBar.m in Sources */ = {isa = PBXBuildFile; fileRef = 140EB6D31BEF9AC900E61A81 /* EVATabBar.m */; };
		14EA8BA11BF076D700DD72F8 /* EVATabBarButton.m in Sources */ = {isa = PBXBuildFile; fileRef = 14EA8BA01BF076D700DD72F8 /* EVATabBarButton.m */; };
/* End PBXBuildFile section */

/* Begin PBXFileReference section */
		140EB68D1BEF87C600E61A81 /* Lottery.app */ = {isa = PBXFileReference; explicitFileType = wrapper.application; includeInIndex = 0; path = Lottery.app; sourceTree = BUILT_PRODUCTS_DIR; };
		140EB6911BEF87C600E61A81 /* main.m */ = {isa = PBXFileReference; lastKnownFileType = sourcecode.c.objc; path = main.m; sourceTree = "<group>"; };
		140EB69A1BEF87C600E61A81 /* Base */ = {isa = PBXFileReference; lastKnownFileType = file.storyboard; name = Base; path = Base.lproj/Main.storyboard; sourceTree = "<group>"; };
		140EB69C1BEF87C600E61A81 /* Assets.xcassets */ = {isa = PBXFileReference; lastKnownFileType = folder.assetcatalog; path = Assets.xcassets; sourceTree = "<group>"; };
		140EB69F1BEF87C600E61A81 /* Base */ = {isa = PBXFileReference; lastKnownFileType = file.storyboard; name = Base; path = Base.lproj/LaunchScreen.storyboard; sourceTree = "<group>"; };
		140EB6A11BEF87C600E61A81 /* Info.plist */ = {isa = PBXFileReference; lastKnownFileType = text.plist.xml; path = Info.plist; sourceTree = "<group>"; };
		140EB6C51BEF997B00E61A81 /* AppDelegate.h */ = {isa = PBXFileReference; fileEncoding = 4; lastKnownFileType = sourcecode.c.h; path = AppDelegate.h; sourceTree = "<group>"; };
		140EB6C61BEF997B00E61A81 /* AppDelegate.m */ = {isa = PBXFileReference; fileEncoding = 4; lastKnownFileType = sourcecode.c.objc; path = AppDelegate.m; sourceTree = "<group>"; };
		140EB6C71BEF997B00E61A81 /* ViewController.h */ = {isa = PBXFileReference; fileEncoding = 4; lastKnownFileType = sourcecode.c.h; path = ViewController.h; sourceTree = "<group>"; };
		140EB6C81BEF997B00E61A81 /* ViewController.m */ = {isa = PBXFileReference; fileEncoding = 4; lastKnownFileType = sourcecode.c.objc; path = ViewController.m; sourceTree = "<group>"; };
		140EB6CF1BEF9AB200E61A81 /* EVATabBarController.h */ = {isa = PBXFileReference; fileEncoding = 4; lastKnownFileType = sourcecode.c.h; path = EVATabBarController.h; sourceTree = "<group>"; };
		140EB6D01BEF9AB200E61A81 /* EVATabBarController.m */ = {isa = PBXFileReference; fileEncoding = 4; lastKnownFileType = sourcecode.c.objc; path = EVATabBarController.m; sourceTree = "<group>"; };
		140EB6D21BEF9AC900E61A81 /* EVATabBar.h */ = {isa = PBXFileReference; fileEncoding = 4; lastKnownFileType = sourcecode.c.h; path = EVATabBar.h; sourceTree = "<group>"; };
		140EB6D31BEF9AC900E61A81 /* EVATabBar.m */ = {isa = PBXFileReference; fileEncoding = 4; lastKnownFileType = sourcecode.c.objc; path = EVATabBar.m; sourceTree = "<group>"; };
		14EA8B9F1BF076D700DD72F8 /* EVATabBarButton.h */ = {isa = PBXFileReference; fileEncoding = 4; lastKnownFileType = sourcecode.c.h; path = EVATabBarButton.h; sourceTree = "<group>"; };
		14EA8BA01BF076D700DD72F8 /* EVATabBarButton.m */ = {isa = PBXFileReference; fileEncoding = 4; lastKnownFileType = sourcecode.c.objc; path = EVATabBarButton.m; sourceTree = "<group>"; };
/* End PBXFileReference section */

/* Begin PBXFrameworksBuildPhase section */
		140EB68A1BEF87C600E61A81 /* Frameworks */ = {
			isa = PBXFrameworksBuildPhase;
			buildActionMask = 2147483647;
			files = (
			);
			runOnlyForDeploymentPostprocessing = 0;
		};
/* End PBXFrameworksBuildPhase section */

/* Begin PBXGroup section */
		140EB6841BEF87C600E61A81 = {
			isa = PBXGroup;
			children = (
				140EB68F1BEF87C600E61A81 /* Lottery */,
				140EB68E1BEF87C600E61A81 /* Products */,
			);
			sourceTree = "<group>";
		};
		140EB68E1BEF87C600E61A81 /* Products */ = {
			isa = PBXGroup;
			children = (
				140EB68D1BEF87C600E61A81 /* Lottery.app */,
			);
			name = Products;
			sourceTree = "<group>";
		};
		140EB68F1BEF87C600E61A81 /* Lottery */ = {
			isa = PBXGroup;
			children = (
				140EB6C41BEF997B00E61A81 /* Main */,
				140EB6A71BEF925400E61A81 /* Libs */,
				140EB6A81BEF925400E61A81 /* src */,
				140EB6BD1BEF925400E61A81 /* Tools */,
				140EB6901BEF87C600E61A81 /* Supporting Files */,
			);
			path = Lottery;
			sourceTree = "<group>";
		};
		140EB6901BEF87C600E61A81 /* Supporting Files */ = {
			isa = PBXGroup;
			children = (
				140EB6991BEF87C600E61A81 /* Main.storyboard */,
				140EB69C1BEF87C600E61A81 /* Assets.xcassets */,
				140EB69E1BEF87C600E61A81 /* LaunchScreen.storyboard */,
				140EB6A11BEF87C600E61A81 /* Info.plist */,
				140EB6911BEF87C600E61A81 /* main.m */,
			);
			name = "Supporting Files";
			sourceTree = "<group>";
		};
		140EB6A71BEF925400E61A81 /* Libs */ = {
			isa = PBXGroup;
			children = (
			);
			path = Libs;
			sourceTree = "<group>";
		};
		140EB6A81BEF925400E61A81 /* src */ = {
			isa = PBXGroup;
			children = (
				140EB6AD1BEF925400E61A81 /* Hall */,
				140EB6A91BEF925400E61A81 /* Buy */,
				140EB6B11BEF925400E61A81 /* Lucky */,
				140EB6B51BEF925400E61A81 /* Reward */,
				140EB6B91BEF925400E61A81 /* User */,
			);
			path = src;
			sourceTree = "<group>";
		};
		140EB6A91BEF925400E61A81 /* Buy */ = {
			isa = PBXGroup;
			children = (
				140EB6AA1BEF925400E61A81 /* Controller */,
				140EB6AB1BEF925400E61A81 /* Model */,
				140EB6AC1BEF925400E61A81 /* View */,
			);
			path = Buy;
			sourceTree = "<group>";
		};
		140EB6AA1BEF925400E61A81 /* Controller */ = {
			isa = PBXGroup;
			children = (
			);
			path = Controller;
			sourceTree = "<group>";
		};
		140EB6AB1BEF925400E61A81 /* Model */ = {
			isa = PBXGroup;
			children = (
			);
			path = Model;
			sourceTree = "<group>";
		};
		140EB6AC1BEF925400E61A81 /* View */ = {
			isa = PBXGroup;
			children = (
			);
			path = View;
			sourceTree = "<group>";
		};
		140EB6AD1BEF925400E61A81 /* Hall */ = {
			isa = PBXGroup;
			children = (
				140EB6AE1BEF925400E61A81 /* Controller */,
				140EB6AF1BEF925400E61A81 /* Model */,
				140EB6B01BEF925400E61A81 /* View */,
			);
			path = Hall;
			sourceTree = "<group>";
		};
		140EB6AE1BEF925400E61A81 /* Controller */ = {
			isa = PBXGroup;
			children = (
			);
			path = Controller;
			sourceTree = "<group>";
		};
		140EB6AF1BEF925400E61A81 /* Model */ = {
			isa = PBXGroup;
			children = (
			);
			path = Model;
			sourceTree = "<group>";
		};
		140EB6B01BEF925400E61A81 /* View */ = {
			isa = PBXGroup;
			children = (
			);
			path = View;
			sourceTree = "<group>";
		};
		140EB6B11BEF925400E61A81 /* Lucky */ = {
			isa = PBXGroup;
			children = (
				140EB6B21BEF925400E61A81 /* Controller */,
				140EB6B31BEF925400E61A81 /* Model */,
				140EB6B41BEF925400E61A81 /* View */,
			);
			path = Lucky;
			sourceTree = "<group>";
		};
		140EB6B21BEF925400E61A81 /* Controller */ = {
			isa = PBXGroup;
			children = (
			);
			path = Controller;
			sourceTree = "<group>";
		};
		140EB6B31BEF925400E61A81 /* Model */ = {
			isa = PBXGroup;
			children = (
			);
			path = Model;
			sourceTree = "<group>";
		};
		140EB6B41BEF925400E61A81 /* View */ = {
			isa = PBXGroup;
			children = (
			);
			path = View;
			sourceTree = "<group>";
		};
		140EB6B51BEF925400E61A81 /* Reward */ = {
			isa = PBXGroup;
			children = (
				140EB6B61BEF925400E61A81 /* Controller */,
				140EB6B71BEF925400E61A81 /* Model */,
				140EB6B81BEF925400E61A81 /* View */,
			);
			path = Reward;
			sourceTree = "<group>";
		};
		140EB6B61BEF925400E61A81 /* Controller */ = {
			isa = PBXGroup;
			children = (
			);
			path = Controller;
			sourceTree = "<group>";
		};
		140EB6B71BEF925400E61A81 /* Model */ = {
			isa = PBXGroup;
			children = (
			);
			path = Model;
			sourceTree = "<group>";
		};
		140EB6B81BEF925400E61A81 /* View */ = {
			isa = PBXGroup;
			children = (
			);
			path = View;
			sourceTree = "<group>";
		};
		140EB6B91BEF925400E61A81 /* User */ = {
			isa = PBXGroup;
			children = (
				140EB6BA1BEF925400E61A81 /* Controller */,
				140EB6BB1BEF925400E61A81 /* Model */,
				140EB6BC1BEF925400E61A81 /* View */,
			);
			path = User;
			sourceTree = "<group>";
		};
		140EB6BA1BEF925400E61A81 /* Controller */ = {
			isa = PBXGroup;
			children = (
			);
			path = Controller;
			sourceTree = "<group>";
		};
		140EB6BB1BEF925400E61A81 /* Model */ = {
			isa = PBXGroup;
			children = (
			);
			path = Model;
			sourceTree = "<group>";
		};
		140EB6BC1BEF925400E61A81 /* View */ = {
			isa = PBXGroup;
			children = (
			);
			path = View;
			sourceTree = "<group>";
		};
		140EB6BD1BEF925400E61A81 /* Tools */ = {
			isa = PBXGroup;
			children = (
			);
			path = Tools;
			sourceTree = "<group>";
		};
		140EB6C41BEF997B00E61A81 /* Main */ = {
			isa = PBXGroup;
			children = (
				140EB6CB1BEF9A8800E61A81 /* Coustom */,
				140EB6C51BEF997B00E61A81 /* AppDelegate.h */,
				140EB6C61BEF997B00E61A81 /* AppDelegate.m */,
				140EB6C71BEF997B00E61A81 /* ViewController.h */,
				140EB6C81BEF997B00E61A81 /* ViewController.m */,
			);
			path = Main;
			sourceTree = "<group>";
		};
		140EB6CB1BEF9A8800E61A81 /* Coustom */ = {
			isa = PBXGroup;
			children = (
				140EB6CC1BEF9A8800E61A81 /* Controller */,
				140EB6CD1BEF9A8800E61A81 /* Model */,
				140EB6CE1BEF9A8800E61A81 /* View */,
			);
			path = Coustom;
			sourceTree = "<group>";
		};
		140EB6CC1BEF9A8800E61A81 /* Controller */ = {
			isa = PBXGroup;
			children = (
				140EB6CF1BEF9AB200E61A81 /* EVATabBarController.h */,
				140EB6D01BEF9AB200E61A81 /* EVATabBarController.m */,
			);
			path = Controller;
			sourceTree = "<group>";
		};
		140EB6CD1BEF9A8800E61A81 /* Model */ = {
			isa = PBXGroup;
			children = (
			);
			path = Model;
			sourceTree = "<group>";
		};
		140EB6CE1BEF9A8800E61A81 /* View */ = {
			isa = PBXGroup;
			children = (
				140EB6D21BEF9AC900E61A81 /* EVATabBar.h */,
				140EB6D31BEF9AC900E61A81 /* EVATabBar.m */,
				14EA8B9F1BF076D700DD72F8 /* EVATabBarButton.h */,
				14EA8BA01BF076D700DD72F8 /* EVATabBarButton.m */,
			);
			path = View;
			sourceTree = "<group>";
		};
/* End PBXGroup section */

/* Begin PBXNativeTarget section */
		140EB68C1BEF87C600E61A81 /* Lottery */ = {
			isa = PBXNativeTarget;
			buildConfigurationList = 140EB6A41BEF87C600E61A81 /* Build configuration list for PBXNativeTarget "Lottery" */;
			buildPhases = (
				140EB6891BEF87C600E61A81 /* Sources */,
				140EB68A1BEF87C600E61A81 /* Frameworks */,
				140EB68B1BEF87C600E61A81 /* Resources */,
			);
			buildRules = (
			);
			dependencies = (
			);
			name = Lottery;
			productName = Lottery;
			productReference = 140EB68D1BEF87C600E61A81 /* Lottery.app */;
			productType = "com.apple.product-type.application";
		};
/* End PBXNativeTarget section */

/* Begin PBXProject section */
		140EB6851BEF87C600E61A81 /* Project object */ = {
			isa = PBXProject;
			attributes = {
				LastUpgradeCheck = 0710;
				ORGANIZATIONNAME = lyh;
				TargetAttributes = {
					140EB68C1BEF87C600E61A81 = {
						CreatedOnToolsVersion = 7.1;
						DevelopmentTeam = 54QJF9L7X8;
					};
				};
			};
			buildConfigurationList = 140EB6881BEF87C600E61A81 /* Build configuration list for PBXProject "Lottery" */;
			compatibilityVersion = "Xcode 3.2";
			developmentRegion = English;
			hasScannedForEncodings = 0;
			knownRegions = (
				en,
				Base,
			);
			mainGroup = 140EB6841BEF87C600E61A81;
			productRefGroup = 140EB68E1BEF87C600E61A81 /* Products */;
			projectDirPath = "";
			projectRoot = "";
			targets = (
				140EB68C1BEF87C600E61A81 /* Lottery */,
			);
		};
/* End PBXProject section */

/* Begin PBXResourcesBuildPhase section */
		140EB68B1BEF87C600E61A81 /* Resources */ = {
			isa = PBXResourcesBuildPhase;
			buildActionMask = 2147483647;
			files = (
				140EB6A01BEF87C600E61A81 /* LaunchScreen.storyboard in Resources */,
				140EB69D1BEF87C600E61A81 /* Assets.xcassets in Resources */,
				140EB69B1BEF87C600E61A81 /* Main.storyboard in Resources */,
			);
			runOnlyForDeploymentPostprocessing = 0;
		};
/* End PBXResourcesBuildPhase section */

/* Begin PBXSourcesBuildPhase section */
		140EB6891BEF87C600E61A81 /* Sources */ = {
			isa = PBXSourcesBuildPhase;
			buildActionMask = 2147483647;
			files = (
				140EB6D11BEF9AB200E61A81 /* EVATabBarController.m in Sources */,
				140EB6CA1BEF997B00E61A81 /* ViewController.m in Sources */,
				14EA8BA11BF076D700DD72F8 /* EVATabBarButton.m in Sources */,
				140EB6D41BEF9AC900E61A81 /* EVATabBar.m in Sources */,
				140EB6C91BEF997B00E61A81 /* AppDelegate.m in Sources */,
				140EB6921BEF87C600E61A81 /* main.m in Sources */,
			);
			runOnlyForDeploymentPostprocessing = 0;
		};
/* End PBXSourcesBuildPhase section */

/* Begin PBXVariantGroup section */
		140EB6991BEF87C600E61A81 /* Main.storyboard */ = {
			isa = PBXVariantGroup;
			children = (
				140EB69A1BEF87C600E61A81 /* Base */,
			);
			name = Main.storyboard;
			sourceTree = "<group>";
		};
		140EB69E1BEF87C600E61A81 /* LaunchScreen.storyboard */ = {
			isa = PBXVariantGroup;
			children = (
				140EB69F1BEF87C600E61A81 /* Base */,
			);
			name = LaunchScreen.storyboard;
			sourceTree = "<group>";
		};
/* End PBXVariantGroup section */

/* Begin XCBuildConfiguration section */
		140EB6A21BEF87C600E61A81 /* Debug */ = {
			isa = XCBuildConfiguration;
			buildSettings = {
				ALWAYS_SEARCH_USER_PATHS = NO;
				CLANG_CXX_LANGUAGE_STANDARD = "gnu++0x";
				CLANG_CXX_LIBRARY = "libc++";
				CLANG_ENABLE_MODULES = YES;
				CLANG_ENABLE_OBJC_ARC = YES;
				CLANG_WARN_BOOL_CONVERSION = YES;
				CLANG_WARN_CONSTANT_CONVERSION = YES;
				CLANG_WARN_DIRECT_OBJC_ISA_USAGE = YES_ERROR;
				CLANG_WARN_EMPTY_BODY = YES;
				CLANG_WARN_ENUM_CONVERSION = YES;
				CLANG_WARN_INT_CONVERSION = YES;
				CLANG_WARN_OBJC_ROOT_CLASS = YES_ERROR;
				CLANG_WARN_UNREACHABLE_CODE = YES;
				CLANG_WARN__DUPLICATE_METHOD_MATCH = YES;
				"CODE_SIGN_IDENTITY[sdk=iphoneos*]" = "iPhone Developer";
				COPY_PHASE_STRIP = NO;
				DEBUG_INFORMATION_FORMAT = dwarf;
				ENABLE_STRICT_OBJC_MSGSEND = YES;
				ENABLE_TESTABILITY = YES;
				GCC_C_LANGUAGE_STANDARD = gnu99;
				GCC_DYNAMIC_NO_PIC = NO;
				GCC_NO_COMMON_BLOCKS = YES;
				GCC_OPTIMIZATION_LEVEL = 0;
				GCC_PREPROCESSOR_DEFINITIONS = (
					"DEBUG=1",
					"$(inherited)",
				);
				GCC_WARN_64_TO_32_BIT_CONVERSION = YES;
				GCC_WARN_ABOUT_RETURN_TYPE = YES_ERROR;
				GCC_WARN_UNDECLARED_SELECTOR = YES;
				GCC_WARN_UNINITIALIZED_AUTOS = YES_AGGRESSIVE;
				GCC_WARN_UNUSED_FUNCTION = YES;
				GCC_WARN_UNUSED_VARIABLE = YES;
				IPHONEOS_DEPLOYMENT_TARGET = 9.1;
				MTL_ENABLE_DEBUG_INFO = YES;
				ONLY_ACTIVE_ARCH = YES;
				SDKROOT = iphoneos;
			};
			name = Debug;
		};
		140EB6A31BEF87C600E61A81 /* Release */ = {
			isa = XCBuildConfiguration;
			buildSettings = {
				ALWAYS_SEARCH_USER_PATHS = NO;
				CLANG_CXX_LANGUAGE_STANDARD = "gnu++0x";
				CLANG_CXX_LIBRARY = "libc++";
				CLANG_ENABLE_MODULES = YES;
				CLANG_ENABLE_OBJC_ARC = YES;
				CLANG_WARN_BOOL_CONVERSION = YES;
				CLANG_WARN_CONSTANT_CONVERSION = YES;
				CLANG_WARN_DIRECT_OBJC_ISA_USAGE = YES_ERROR;
				CLANG_WARN_EMPTY_BODY = YES;
				CLANG_WARN_ENUM_CONVERSION = YES;
				CLANG_WARN_INT_CONVERSION = YES;
				CLANG_WARN_OBJC_ROOT_CLASS = YES_ERROR;
				CLANG_WARN_UNREACHABLE_CODE = YES;
				CLANG_WARN__DUPLICATE_METHOD_MATCH = YES;
				"CODE_SIGN_IDENTITY[sdk=iphoneos*]" = "iPhone Developer";
				COPY_PHASE_STRIP = NO;
				DEBUG_INFORMATION_FORMAT = "dwarf-with-dsym";
				ENABLE_NS_ASSERTIONS = NO;
				ENABLE_STRICT_OBJC_MSGSEND = YES;
				GCC_C_LANGUAGE_STANDARD = gnu99;
				GCC_NO_COMMON_BLOCKS = YES;
				GCC_WARN_64_TO_32_BIT_CONVERSION = YES;
				GCC_WARN_ABOUT_RETURN_TYPE = YES_ERROR;
				GCC_WARN_UNDECLARED_SELECTOR = YES;
				GCC_WARN_UNINITIALIZED_AUTOS = YES_AGGRESSIVE;
				GCC_WARN_UNUSED_FUNCTION = YES;
				GCC_WARN_UNUSED_VARIABLE = YES;
				IPHONEOS_DEPLOYMENT_TARGET = 9.1;
				MTL_ENABLE_DEBUG_INFO = NO;
				SDKROOT = iphoneos;
				VALIDATE_PRODUCT = YES;
			};
			name = Release;
		};
		140EB6A51BEF87C600E61A81 /* Debug */ = {
			isa = XCBuildConfiguration;
			buildSettings = {
				ASSETCATALOG_COMPILER_APPICON_NAME = AppIcon;
				ASSETCATALOG_COMPILER_LAUNCHIMAGE_NAME = "Brand Assets";
				INFOPLIST_FILE = Lottery/Info.plist;
				LD_RUNPATH_SEARCH_PATHS = "$(inherited) @executable_path/Frameworks";
				PRODUCT_BUNDLE_IDENTIFIER = github.i8023eva.Lottery;
				PRODUCT_NAME = "$(TARGET_NAME)";
			};
			name = Debug;
		};
		140EB6A61BEF87C600E61A81 /* Release */ = {
			isa = XCBuildConfiguration;
			buildSettings = {
				ASSETCATALOG_COMPILER_APPICON_NAME = AppIcon;
				ASSETCATALOG_COMPILER_LAUNCHIMAGE_NAME = "Brand Assets";
				INFOPLIST_FILE = Lottery/Info.plist;
				LD_RUNPATH_SEARCH_PATHS = "$(inherited) @executable_path/Frameworks";
				PRODUCT_BUNDLE_IDENTIFIER = github.i8023eva.Lottery;
				PRODUCT_NAME = "$(TARGET_NAME)";
			};
			name = Release;
		};
/* End XCBuildConfiguration section */

/* Begin XCConfigurationList section */
		140EB6881BEF87C600E61A81 /* Build configuration list for PBXProject "Lottery" */ = {
			isa = XCConfigurationList;
			buildConfigurations = (
				140EB6A21BEF87C600E61A81 /* Debug */,
				140EB6A31BEF87C600E61A81 /* Release */,
			);
			defaultConfigurationIsVisible = 0;
			defaultConfigurationName = Release;
		};
		140EB6A41BEF87C600E61A81 /* Build configuration list for PBXNativeTarget "Lottery" */ = {
			isa = XCConfigurationList;
			buildConfigurations = (
				140EB6A51BEF87C600E61A81 /* Debug */,
				140EB6A61BEF87C600E61A81 /* Release */,
			);
			defaultConfigurationIsVisible = 0;
			defaultConfigurationName = Release;
		};
/* End XCConfigurationList section */
	};
	rootObject = 140EB6851BEF87C600E61A81 /* Project object */;
}
